// !$*UTF8*$!
{
	archiveVersion = 1;
	classes = {
	};
	objectVersion = 46;
	objects = {

/* Begin PBXBuildFile section */
		7F071A2D16C81912009C2CAD /* Parse.framework in Frameworks */ = {isa = PBXBuildFile; fileRef = 7F071A2C16C81912009C2CAD /* Parse.framework */; };
		7F071A2F16C81CF4009C2CAD /* AudioToolbox.framework in Frameworks */ = {isa = PBXBuildFile; fileRef = 7F071A2E16C81CF4009C2CAD /* AudioToolbox.framework */; };
		7F071A3116C81CF9009C2CAD /* Accounts.framework in Frameworks */ = {isa = PBXBuildFile; fileRef = 7F071A3016C81CF9009C2CAD /* Accounts.framework */; };
		7F071A3316C81CFE009C2CAD /* AdSupport.framework in Frameworks */ = {isa = PBXBuildFile; fileRef = 7F071A3216C81CFE009C2CAD /* AdSupport.framework */; settings = {ATTRIBUTES = (Weak, ); }; };
		7F071A3516C81D03009C2CAD /* CFNetwork.framework in Frameworks */ = {isa = PBXBuildFile; fileRef = 7F071A3416C81D03009C2CAD /* CFNetwork.framework */; };
		7F071A3716C81D10009C2CAD /* CoreLocation.framework in Frameworks */ = {isa = PBXBuildFile; fileRef = 7F071A3616C81D10009C2CAD /* CoreLocation.framework */; };
		7F071A3916C81D19009C2CAD /* libsqlite3.dylib in Frameworks */ = {isa = PBXBuildFile; fileRef = 7F071A3816C81D19009C2CAD /* libsqlite3.dylib */; };
		7F071A3B16C81D20009C2CAD /* libz.1.1.3.dylib in Frameworks */ = {isa = PBXBuildFile; fileRef = 7F071A3A16C81D20009C2CAD /* libz.1.1.3.dylib */; };
		7F071A3D16C81D26009C2CAD /* MobileCoreServices.framework in Frameworks */ = {isa = PBXBuildFile; fileRef = 7F071A3C16C81D26009C2CAD /* MobileCoreServices.framework */; };
		7F071A3F16C81D2B009C2CAD /* QuartzCore.framework in Frameworks */ = {isa = PBXBuildFile; fileRef = 7F071A3E16C81D2B009C2CAD /* QuartzCore.framework */; };
		7F071A4116C81D35009C2CAD /* Security.framework in Frameworks */ = {isa = PBXBuildFile; fileRef = 7F071A4016C81D35009C2CAD /* Security.framework */; };
		7F071A4316C81D3B009C2CAD /* Social.framework in Frameworks */ = {isa = PBXBuildFile; fileRef = 7F071A4216C81D3B009C2CAD /* Social.framework */; settings = {ATTRIBUTES = (Weak, ); }; };
		7F071A4516C81D41009C2CAD /* StoreKit.framework in Frameworks */ = {isa = PBXBuildFile; fileRef = 7F071A4416C81D41009C2CAD /* StoreKit.framework */; };
		7F071A4716C81D47009C2CAD /* SystemConfiguration.framework in Frameworks */ = {isa = PBXBuildFile; fileRef = 7F071A4616C81D47009C2CAD /* SystemConfiguration.framework */; };
		7F0CF63716C6E31D00F7D3A3 /* SkylertsViewController.m in Sources */ = {isa = PBXBuildFile; fileRef = 7F0CF63616C6E31D00F7D3A3 /* SkylertsViewController.m */; };
		7F0CF63A16C6EAED00F7D3A3 /* Skylert.m in Sources */ = {isa = PBXBuildFile; fileRef = 7F0CF63916C6EAED00F7D3A3 /* Skylert.m */; };
		7F0CF63D16C6EBCA00F7D3A3 /* ISO8601DateFormatter.m in Sources */ = {isa = PBXBuildFile; fileRef = 7F0CF63C16C6EBCA00F7D3A3 /* ISO8601DateFormatter.m */; };
		7F0CF64216C6EE6E00F7D3A3 /* SkylertFetcher.m in Sources */ = {isa = PBXBuildFile; fileRef = 7F0CF64116C6EE6E00F7D3A3 /* SkylertFetcher.m */; };
		7F0CF65016C6EFB600F7D3A3 /* StorageRoom.m in Sources */ = {isa = PBXBuildFile; fileRef = 7F0CF64F16C6EFB600F7D3A3 /* StorageRoom.m */; };
		7F0CF65316C761C600F7D3A3 /* TextATipViewController.m in Sources */ = {isa = PBXBuildFile; fileRef = 7F0CF65216C761C500F7D3A3 /* TextATipViewController.m */; };
		7F0CF65516C7F9A000F7D3A3 /* MessageUI.framework in Frameworks */ = {isa = PBXBuildFile; fileRef = 7F0CF65416C7F9A000F7D3A3 /* MessageUI.framework */; };
		7F0E083E16C3021B007FD515 /* ClassPeriod.m in Sources */ = {isa = PBXBuildFile; fileRef = 7F0E083D16C3021B007FD515 /* ClassPeriod.m */; };
		7F1F39FB16ED2E16009938BF /* VideoTableViewCell.m in Sources */ = {isa = PBXBuildFile; fileRef = 7F1F39FA16ED2E16009938BF /* VideoTableViewCell.m */; };
		7F1F39FE16ED3B90009938BF /* MasterAlertsViewController.m in Sources */ = {isa = PBXBuildFile; fileRef = 7F1F39FD16ED3B90009938BF /* MasterAlertsViewController.m */; };
		7F1F3A0116ED3BE9009938BF /* AlertCell.m in Sources */ = {isa = PBXBuildFile; fileRef = 7F1F3A0016ED3BE9009938BF /* AlertCell.m */; };
		7F1F3A0416ED50CA009938BF /* AnnouncementCell.m in Sources */ = {isa = PBXBuildFile; fileRef = 7F1F3A0316ED50CA009938BF /* AnnouncementCell.m */; };
		7F1F3A0A16EEAC62009938BF /* CoreDataHelper.m in Sources */ = {isa = PBXBuildFile; fileRef = 7F1F3A0916EEAC62009938BF /* CoreDataHelper.m */; };
		7F1F3A0D16EEAEEC009938BF /* FeedParser.m in Sources */ = {isa = PBXBuildFile; fileRef = 7F1F3A0C16EEAEEC009938BF /* FeedParser.m */; };
		7F1F3A1016EEAFB4009938BF /* FeedStore.m in Sources */ = {isa = PBXBuildFile; fileRef = 7F1F3A0F16EEAFB4009938BF /* FeedStore.m */; };
		7F22911B16CEB96D00D5E884 /* YoutubePlayerViewController.m in Sources */ = {isa = PBXBuildFile; fileRef = 7F22911A16CEB96D00D5E884 /* YoutubePlayerViewController.m */; };
		7F22911E16CEB97F00D5E884 /* VideoPlaylistViewController.m in Sources */ = {isa = PBXBuildFile; fileRef = 7F22911D16CEB97F00D5E884 /* VideoPlaylistViewController.m */; };
		7F22912116CEBC5C00D5E884 /* Video.m in Sources */ = {isa = PBXBuildFile; fileRef = 7F22912016CEBC5C00D5E884 /* Video.m */; };
		7F22912416CEBC7E00D5E884 /* VideoFetcher.m in Sources */ = {isa = PBXBuildFile; fileRef = 7F22912316CEBC7E00D5E884 /* VideoFetcher.m */; };
		7F22912616D0A18A00D5E884 /* PlayButton@2x.png in Resources */ = {isa = PBXBuildFile; fileRef = 7F22912516D0A18A00D5E884 /* PlayButton@2x.png */; };
		7F2F17D116BF294F00CC1718 /* ContactUsViewController.m in Sources */ = {isa = PBXBuildFile; fileRef = 7F2F17D016BF294F00CC1718 /* ContactUsViewController.m */; };
		7F2F17D416BF29CB00CC1718 /* ContactTeacherViewController.m in Sources */ = {isa = PBXBuildFile; fileRef = 7F2F17D316BF29CB00CC1718 /* ContactTeacherViewController.m */; };
		7F2F17D716BF29DF00CC1718 /* BellSchedulesViewController.m in Sources */ = {isa = PBXBuildFile; fileRef = 7F2F17D616BF29DF00CC1718 /* BellSchedulesViewController.m */; };
		7F2F17DA16BF29F200CC1718 /* LunchViewController.m in Sources */ = {isa = PBXBuildFile; fileRef = 7F2F17D916BF29F200CC1718 /* LunchViewController.m */; };
		7F2F17E616C0097800CC1718 /* segcontrol_sel-uns.png in Resources */ = {isa = PBXBuildFile; fileRef = 7F2F17DC16C0097800CC1718 /* segcontrol_sel-uns.png */; };
		7F2F17E716C0097800CC1718 /* segcontrol_sel.png in Resources */ = {isa = PBXBuildFile; fileRef = 7F2F17DD16C0097800CC1718 /* segcontrol_sel.png */; };
		7F2F17E816C0097800CC1718 /* segcontrol_uns-sel.png in Resources */ = {isa = PBXBuildFile; fileRef = 7F2F17DE16C0097800CC1718 /* segcontrol_uns-sel.png */; };
		7F2F17E916C0097800CC1718 /* segcontrol_uns-uns.png in Resources */ = {isa = PBXBuildFile; fileRef = 7F2F17DF16C0097800CC1718 /* segcontrol_uns-uns.png */; };
		7F2F17EA16C0097800CC1718 /* segcontrol_uns.png in Resources */ = {isa = PBXBuildFile; fileRef = 7F2F17E016C0097800CC1718 /* segcontrol_uns.png */; };
		7F2F17EB16C0097800CC1718 /* segcontrol_sel-uns@2x.png in Resources */ = {isa = PBXBuildFile; fileRef = 7F2F17E116C0097800CC1718 /* segcontrol_sel-uns@2x.png */; };
		7F2F17EC16C0097800CC1718 /* segcontrol_sel@2x.png in Resources */ = {isa = PBXBuildFile; fileRef = 7F2F17E216C0097800CC1718 /* segcontrol_sel@2x.png */; };
		7F2F17ED16C0097800CC1718 /* segcontrol_uns-sel@2x.png in Resources */ = {isa = PBXBuildFile; fileRef = 7F2F17E316C0097800CC1718 /* segcontrol_uns-sel@2x.png */; };
		7F2F17EE16C0097800CC1718 /* segcontrol_uns-uns@2x.png in Resources */ = {isa = PBXBuildFile; fileRef = 7F2F17E416C0097800CC1718 /* segcontrol_uns-uns@2x.png */; };
		7F2F17EF16C0097800CC1718 /* segcontrol_uns@2x.png in Resources */ = {isa = PBXBuildFile; fileRef = 7F2F17E516C0097800CC1718 /* segcontrol_uns@2x.png */; };
		7F2F17F216C00CC300CC1718 /* whitepattern@2x.png in Resources */ = {isa = PBXBuildFile; fileRef = 7F2F17F116C00CC300CC1718 /* whitepattern@2x.png */; };
		7F5A123617109FAA002A6E80 /* NewsStoryHtml.html in Resources */ = {isa = PBXBuildFile; fileRef = 7F5A123517109FAA002A6E80 /* NewsStoryHtml.html */; };
		7F5A123C1710A6A6002A6E80 /* orbBottomBar@2x.png in Resources */ = {isa = PBXBuildFile; fileRef = 7F5A123B1710A6A6002A6E80 /* orbBottomBar@2x.png */; };
		7F5A123E1710A7BA002A6E80 /* simpleArrow@2x.png in Resources */ = {isa = PBXBuildFile; fileRef = 7F5A123D1710A7BA002A6E80 /* simpleArrow@2x.png */; };
		7F5A12401710A8A9002A6E80 /* simpleLeftArrow@2x.png in Resources */ = {isa = PBXBuildFile; fileRef = 7F5A123F1710A8A9002A6E80 /* simpleLeftArrow@2x.png */; };
		7F5A12491711E961002A6E80 /* bellIcon@2x.png in Resources */ = {isa = PBXBuildFile; fileRef = 7F5A12421711E961002A6E80 /* bellIcon@2x.png */; };
		7F5A124A1711E961002A6E80 /* announcementsIcon@2x.png in Resources */ = {isa = PBXBuildFile; fileRef = 7F5A12431711E961002A6E80 /* announcementsIcon@2x.png */; };
		7F5A124B1711E961002A6E80 /* newsIcon@2x.png in Resources */ = {isa = PBXBuildFile; fileRef = 7F5A12441711E961002A6E80 /* newsIcon@2x.png */; };
		7F5A124C1711E961002A6E80 /* tvIcon@2x.png in Resources */ = {isa = PBXBuildFile; fileRef = 7F5A12451711E961002A6E80 /* tvIcon@2x.png */; };
		7F5A124D1711E961002A6E80 /* textTipIcon@2x.png in Resources */ = {isa = PBXBuildFile; fileRef = 7F5A12461711E961002A6E80 /* textTipIcon@2x.png */; };
		7F5A124E1711E961002A6E80 /* alertsIcon@2x.png in Resources */ = {isa = PBXBuildFile; fileRef = 7F5A12471711E961002A6E80 /* alertsIcon@2x.png */; };
		7F5A124F1711E961002A6E80 /* homeIcon@2x.png in Resources */ = {isa = PBXBuildFile; fileRef = 7F5A12481711E961002A6E80 /* homeIcon@2x.png */; };
		7F5A12521711EC98002A6E80 /* phoneIcon@2x.png in Resources */ = {isa = PBXBuildFile; fileRef = 7F5A12501711EC98002A6E80 /* phoneIcon@2x.png */; };
		7F5A12531711EC98002A6E80 /* mailIcon@2x.png in Resources */ = {isa = PBXBuildFile; fileRef = 7F5A12511711EC98002A6E80 /* mailIcon@2x.png */; };
		7F5A12551711EDD3002A6E80 /* judgeIcon@2x.png in Resources */ = {isa = PBXBuildFile; fileRef = 7F5A12541711EDD3002A6E80 /* judgeIcon@2x.png */; };
		7F5A125B171246DB002A6E80 /* MySlidingNavigationController.m in Sources */ = {isa = PBXBuildFile; fileRef = 7F5A125A171246DB002A6E80 /* MySlidingNavigationController.m */; };
		7F5B477816EA599A003EED84 /* Base.xcdatamodeld in Sources */ = {isa = PBXBuildFile; fileRef = 7F5B477616EA599A003EED84 /* Base.xcdatamodeld */; };
		7F5B477A16EA59A5003EED84 /* CoreData.framework in Frameworks */ = {isa = PBXBuildFile; fileRef = 7F5B477916EA59A5003EED84 /* CoreData.framework */; };
		7F5B477D16EA5A8D003EED84 /* DataFetcher.m in Sources */ = {isa = PBXBuildFile; fileRef = 7F5B477C16EA5A8D003EED84 /* DataFetcher.m */; };
		7F5B478016EA5DB3003EED84 /* YoutubeVideo.m in Sources */ = {isa = PBXBuildFile; fileRef = 7F5B477F16EA5DB3003EED84 /* YoutubeVideo.m */; };
		7F5B478316EA5DB3003EED84 /* NewsStory.m in Sources */ = {isa = PBXBuildFile; fileRef = 7F5B478216EA5DB3003EED84 /* NewsStory.m */; };
		7F6A222616C06940002960B4 /* LargeRoyalsLogo@2x.png in Resources */ = {isa = PBXBuildFile; fileRef = 7F6A222516C06940002960B4 /* LargeRoyalsLogo@2x.png */; };
		7F6A222A16C07005002960B4 /* Reg-Main@2x.png in Resources */ = {isa = PBXBuildFile; fileRef = 7F6A222916C07005002960B4 /* Reg-Main@2x.png */; };
		7F7D20AB16DAD58C001987FE /* 37x-Checkmark.png in Resources */ = {isa = PBXBuildFile; fileRef = 7F7D20A916DAD58C001987FE /* 37x-Checkmark.png */; };
		7F7D20AC16DAD58C001987FE /* 37x-Checkmark@2x.png in Resources */ = {isa = PBXBuildFile; fileRef = 7F7D20AA16DAD58C001987FE /* 37x-Checkmark@2x.png */; };
		7F7D20B416DAE180001987FE /* YAJLiOS.framework in Frameworks */ = {isa = PBXBuildFile; fileRef = 7F7D20B316DAE180001987FE /* YAJLiOS.framework */; };
		7F7D20B616DBE074001987FE /* bellSchedule.plist in Resources */ = {isa = PBXBuildFile; fileRef = 7F7D20B516DBE074001987FE /* bellSchedule.plist */; };
		7F8E1AAB16BC4AD700B7B3CB /* UIKit.framework in Frameworks */ = {isa = PBXBuildFile; fileRef = 7F8E1AAA16BC4AD700B7B3CB /* UIKit.framework */; };
		7F8E1AAD16BC4AD700B7B3CB /* Foundation.framework in Frameworks */ = {isa = PBXBuildFile; fileRef = 7F8E1AAC16BC4AD700B7B3CB /* Foundation.framework */; };
		7F8E1AAF16BC4AD700B7B3CB /* CoreGraphics.framework in Frameworks */ = {isa = PBXBuildFile; fileRef = 7F8E1AAE16BC4AD700B7B3CB /* CoreGraphics.framework */; };
		7F8E1AB516BC4AD700B7B3CB /* InfoPlist.strings in Resources */ = {isa = PBXBuildFile; fileRef = 7F8E1AB316BC4AD700B7B3CB /* InfoPlist.strings */; };
		7F8E1AB716BC4AD700B7B3CB /* main.m in Sources */ = {isa = PBXBuildFile; fileRef = 7F8E1AB616BC4AD700B7B3CB /* main.m */; };
		7F8E1ABB16BC4AD700B7B3CB /* AppDelegate.m in Sources */ = {isa = PBXBuildFile; fileRef = 7F8E1ABA16BC4AD700B7B3CB /* AppDelegate.m */; };
		7F8E1ABD16BC4AD700B7B3CB /* Default.png in Resources */ = {isa = PBXBuildFile; fileRef = 7F8E1ABC16BC4AD700B7B3CB /* Default.png */; };
		7F8E1ABF16BC4AD700B7B3CB /* Default@2x.png in Resources */ = {isa = PBXBuildFile; fileRef = 7F8E1ABE16BC4AD700B7B3CB /* Default@2x.png */; };
		7F8E1AC116BC4AD700B7B3CB /* Default-568h@2x.png in Resources */ = {isa = PBXBuildFile; fileRef = 7F8E1AC016BC4AD700B7B3CB /* Default-568h@2x.png */; };
		7F8E1AC416BC4AD700B7B3CB /* MainStoryboard.storyboard in Resources */ = {isa = PBXBuildFile; fileRef = 7F8E1AC216BC4AD700B7B3CB /* MainStoryboard.storyboard */; };
		7F8E1AD216BC4B1800B7B3CB /* ECSlidingViewController.m in Sources */ = {isa = PBXBuildFile; fileRef = 7F8E1ACF16BC4B1800B7B3CB /* ECSlidingViewController.m */; };
		7F8E1AD316BC4B1800B7B3CB /* UIImage+ImageWithUIView.m in Sources */ = {isa = PBXBuildFile; fileRef = 7F8E1AD116BC4B1800B7B3CB /* UIImage+ImageWithUIView.m */; };
		7F8E1AD616BC4B4900B7B3CB /* InitViewController.m in Sources */ = {isa = PBXBuildFile; fileRef = 7F8E1AD516BC4B4900B7B3CB /* InitViewController.m */; };
		7F8E1AD916BC4B6700B7B3CB /* MenuViewController.m in Sources */ = {isa = PBXBuildFile; fileRef = 7F8E1AD816BC4B6700B7B3CB /* MenuViewController.m */; };
		7F8E1ADC16BC4B8A00B7B3CB /* MainViewController.m in Sources */ = {isa = PBXBuildFile; fileRef = 7F8E1ADB16BC4B8A00B7B3CB /* MainViewController.m */; };
		7F8E1ADF16BC4BD000B7B3CB /* HandbookViewController.m in Sources */ = {isa = PBXBuildFile; fileRef = 7F8E1ADE16BC4BD000B7B3CB /* HandbookViewController.m */; };
		7F8E1AE416BD6E9500B7B3CB /* TableViewPatternCell@2x.png in Resources */ = {isa = PBXBuildFile; fileRef = 7F8E1AE316BD6E9500B7B3CB /* TableViewPatternCell@2x.png */; };
		7F8E1AE616BECF8200B7B3CB /* tableViewBackground@2x.png in Resources */ = {isa = PBXBuildFile; fileRef = 7F8E1AE516BECF8200B7B3CB /* tableViewBackground@2x.png */; };
		7F8E1AEC16BED5EA00B7B3CB /* 2012Handbook.pdf in Resources */ = {isa = PBXBuildFile; fileRef = 7F8E1AEB16BED5EA00B7B3CB /* 2012Handbook.pdf */; };
		7F8E1AF416BEDB8000B7B3CB /* menuButtonBlue@2x.png in Resources */ = {isa = PBXBuildFile; fileRef = 7F8E1AF316BEDB8000B7B3CB /* menuButtonBlue@2x.png */; };
		7FA53D1016C9390100F7E0D8 /* text-field@2x.png in Resources */ = {isa = PBXBuildFile; fileRef = 7FA53D0F16C9390100F7E0D8 /* text-field@2x.png */; };
		7FA53D1316C93C4000F7E0D8 /* topRow@2x.png in Resources */ = {isa = PBXBuildFile; fileRef = 7FA53D1216C93C4000F7E0D8 /* topRow@2x.png */; };
		7FBF32EF16DAB003008191E0 /* MBProgressHUD.m in Sources */ = {isa = PBXBuildFile; fileRef = 7FBF32EE16DAB003008191E0 /* MBProgressHUD.m */; };
		7FCCEB8916E7F5C0003F104D /* libxml2.dylib in Frameworks */ = {isa = PBXBuildFile; fileRef = 7FCCEB8816E7F5C0003F104D /* libxml2.dylib */; };
		7FCCEB8B16E7F5C8003F104D /* ImageIO.framework in Frameworks */ = {isa = PBXBuildFile; fileRef = 7FCCEB8A16E7F5C8003F104D /* ImageIO.framework */; };
		7FD397F916C836240042B3DA /* Icon-Small.png in Resources */ = {isa = PBXBuildFile; fileRef = 7FD397F216C836240042B3DA /* Icon-Small.png */; };
		7FD397FA16C836240042B3DA /* Icon-Small@2x.png in Resources */ = {isa = PBXBuildFile; fileRef = 7FD397F316C836240042B3DA /* Icon-Small@2x.png */; };
		7FD397FB16C836240042B3DA /* Icon.png in Resources */ = {isa = PBXBuildFile; fileRef = 7FD397F416C836240042B3DA /* Icon.png */; };
		7FD397FC16C836240042B3DA /* Icon@2x.png in Resources */ = {isa = PBXBuildFile; fileRef = 7FD397F516C836240042B3DA /* Icon@2x.png */; };
		7FD397FD16C836240042B3DA /* iTunesArtwork in Resources */ = {isa = PBXBuildFile; fileRef = 7FD397F616C836240042B3DA /* iTunesArtwork */; };
		7FD397FE16C836240042B3DA /* iTunesArtwork.png in Resources */ = {isa = PBXBuildFile; fileRef = 7FD397F716C836240042B3DA /* iTunesArtwork.png */; };
		7FD397FF16C836240042B3DA /* iTunesArtwork@2x.png in Resources */ = {isa = PBXBuildFile; fileRef = 7FD397F816C836240042B3DA /* iTunesArtwork@2x.png */; };
		7FDE918816F4FCF0007C5645 /* BlueNavBarBack@2x.png in Resources */ = {isa = PBXBuildFile; fileRef = 7FDE918716F4FCF0007C5645 /* BlueNavBarBack@2x.png */; };
		7FED03C316FF74A0001A0350 /* Announcement.m in Sources */ = {isa = PBXBuildFile; fileRef = 7FED03C216FF74A0001A0350 /* Announcement.m */; };
		7FED03C516FFA4FB001A0350 /* arrow@2x.png in Resources */ = {isa = PBXBuildFile; fileRef = 7FED03C416FFA4FB001A0350 /* arrow@2x.png */; };
		7FED03C816FFB9C1001A0350 /* WebViewController.m in Sources */ = {isa = PBXBuildFile; fileRef = 7FED03C716FFB9C1001A0350 /* WebViewController.m */; };
		7FED03CA16FFF86A001A0350 /* backButton@2x.png in Resources */ = {isa = PBXBuildFile; fileRef = 7FED03C916FFF869001A0350 /* backButton@2x.png */; };
		7FFBFBB716D1584200B449C2 /* AVFoundation.framework in Frameworks */ = {isa = PBXBuildFile; fileRef = 7FFBFBB616D1584200B449C2 /* AVFoundation.framework */; };
		7FFBFBB916D1617F00B449C2 /* btn-large-3@2x.png in Resources */ = {isa = PBXBuildFile; fileRef = 7FFBFBB816D1617F00B449C2 /* btn-large-3@2x.png */; };
		7FFBFBBB16D1692200B449C2 /* menuButton@2x.png in Resources */ = {isa = PBXBuildFile; fileRef = 7FFBFBBA16D1692200B449C2 /* menuButton@2x.png */; };
		7FFBFBC316D2008500B449C2 /* NewsViewController.m in Sources */ = {isa = PBXBuildFile; fileRef = 7FFBFBC216D2008500B449C2 /* NewsViewController.m */; };
		7FFBFBD616D202DD00B449C2 /* GTMNSString+HTML.m in Sources */ = {isa = PBXBuildFile; fileRef = 7FFBFBC616D202DD00B449C2 /* GTMNSString+HTML.m */; settings = {COMPILER_FLAGS = "-fno-objc-arc"; }; };
		7FFBFBD716D202DD00B449C2 /* MWFeedInfo.m in Sources */ = {isa = PBXBuildFile; fileRef = 7FFBFBC816D202DD00B449C2 /* MWFeedInfo.m */; settings = {COMPILER_FLAGS = "-fno-objc-arc"; }; };
		7FFBFBD816D202DD00B449C2 /* MWFeedItem.m in Sources */ = {isa = PBXBuildFile; fileRef = 7FFBFBCA16D202DD00B449C2 /* MWFeedItem.m */; settings = {COMPILER_FLAGS = "-fno-objc-arc"; }; };
		7FFBFBD916D202DD00B449C2 /* MWFeedParser.m in Sources */ = {isa = PBXBuildFile; fileRef = 7FFBFBCD16D202DD00B449C2 /* MWFeedParser.m */; settings = {COMPILER_FLAGS = "-fno-objc-arc"; }; };
		7FFBFBDB16D202DD00B449C2 /* NSDate+InternetDateTime.m in Sources */ = {isa = PBXBuildFile; fileRef = 7FFBFBD116D202DD00B449C2 /* NSDate+InternetDateTime.m */; settings = {COMPILER_FLAGS = "-fno-objc-arc"; }; };
		7FFBFBDC16D202DD00B449C2 /* NSString+HTML.m in Sources */ = {isa = PBXBuildFile; fileRef = 7FFBFBD316D202DD00B449C2 /* NSString+HTML.m */; settings = {COMPILER_FLAGS = "-fno-objc-arc"; }; };
		7FFBFBDD16D202DD00B449C2 /* NSString+XMLEntities.m in Sources */ = {isa = PBXBuildFile; fileRef = 7FFBFBD516D202DD00B449C2 /* NSString+XMLEntities.m */; settings = {COMPILER_FLAGS = "-fno-objc-arc"; }; };
		7FFBFBE016D20CE400B449C2 /* NewsStoryScrollView.m in Sources */ = {isa = PBXBuildFile; fileRef = 7FFBFBDF16D20CE300B449C2 /* NewsStoryScrollView.m */; };
		7FFBFBE616D28DCE00B449C2 /* UIDevice+Resolutions.m in Sources */ = {isa = PBXBuildFile; fileRef = 7FFBFBE516D28DCE00B449C2 /* UIDevice+Resolutions.m */; };
		7FFBFBE916D2A14700B449C2 /* Papers@2x.png in Resources */ = {isa = PBXBuildFile; fileRef = 7FFBFBE816D2A14700B449C2 /* Papers@2x.png */; };
/* End PBXBuildFile section */

/* Begin PBXFileReference section */
		7F071A2C16C81912009C2CAD /* Parse.framework */ = {isa = PBXFileReference; lastKnownFileType = wrapper.framework; path = Parse.framework; sourceTree = "<group>"; };
		7F071A2E16C81CF4009C2CAD /* AudioToolbox.framework */ = {isa = PBXFileReference; lastKnownFileType = wrapper.framework; name = AudioToolbox.framework; path = System/Library/Frameworks/AudioToolbox.framework; sourceTree = SDKROOT; };
		7F071A3016C81CF9009C2CAD /* Accounts.framework */ = {isa = PBXFileReference; lastKnownFileType = wrapper.framework; name = Accounts.framework; path = System/Library/Frameworks/Accounts.framework; sourceTree = SDKROOT; };
		7F071A3216C81CFE009C2CAD /* AdSupport.framework */ = {isa = PBXFileReference; lastKnownFileType = wrapper.framework; name = AdSupport.framework; path = System/Library/Frameworks/AdSupport.framework; sourceTree = SDKROOT; };
		7F071A3416C81D03009C2CAD /* CFNetwork.framework */ = {isa = PBXFileReference; lastKnownFileType = wrapper.framework; name = CFNetwork.framework; path = System/Library/Frameworks/CFNetwork.framework; sourceTree = SDKROOT; };
		7F071A3616C81D10009C2CAD /* CoreLocation.framework */ = {isa = PBXFileReference; lastKnownFileType = wrapper.framework; name = CoreLocation.framework; path = System/Library/Frameworks/CoreLocation.framework; sourceTree = SDKROOT; };
		7F071A3816C81D19009C2CAD /* libsqlite3.dylib */ = {isa = PBXFileReference; lastKnownFileType = "compiled.mach-o.dylib"; name = libsqlite3.dylib; path = usr/lib/libsqlite3.dylib; sourceTree = SDKROOT; };
		7F071A3A16C81D20009C2CAD /* libz.1.1.3.dylib */ = {isa = PBXFileReference; lastKnownFileType = "compiled.mach-o.dylib"; name = libz.1.1.3.dylib; path = usr/lib/libz.1.1.3.dylib; sourceTree = SDKROOT; };
		7F071A3C16C81D26009C2CAD /* MobileCoreServices.framework */ = {isa = PBXFileReference; lastKnownFileType = wrapper.framework; name = MobileCoreServices.framework; path = System/Library/Frameworks/MobileCoreServices.framework; sourceTree = SDKROOT; };
		7F071A3E16C81D2B009C2CAD /* QuartzCore.framework */ = {isa = PBXFileReference; lastKnownFileType = wrapper.framework; name = QuartzCore.framework; path = System/Library/Frameworks/QuartzCore.framework; sourceTree = SDKROOT; };
		7F071A4016C81D35009C2CAD /* Security.framework */ = {isa = PBXFileReference; lastKnownFileType = wrapper.framework; name = Security.framework; path = System/Library/Frameworks/Security.framework; sourceTree = SDKROOT; };
		7F071A4216C81D3B009C2CAD /* Social.framework */ = {isa = PBXFileReference; lastKnownFileType = wrapper.framework; name = Social.framework; path = System/Library/Frameworks/Social.framework; sourceTree = SDKROOT; };
		7F071A4416C81D41009C2CAD /* StoreKit.framework */ = {isa = PBXFileReference; lastKnownFileType = wrapper.framework; name = StoreKit.framework; path = System/Library/Frameworks/StoreKit.framework; sourceTree = SDKROOT; };
		7F071A4616C81D47009C2CAD /* SystemConfiguration.framework */ = {isa = PBXFileReference; lastKnownFileType = wrapper.framework; name = SystemConfiguration.framework; path = System/Library/Frameworks/SystemConfiguration.framework; sourceTree = SDKROOT; };
		7F0CF63516C6E31D00F7D3A3 /* SkylertsViewController.h */ = {isa = PBXFileReference; fileEncoding = 4; lastKnownFileType = sourcecode.c.h; name = SkylertsViewController.h; path = HSEHS/SkylertsViewController.h; sourceTree = "<group>"; };
		7F0CF63616C6E31D00F7D3A3 /* SkylertsViewController.m */ = {isa = PBXFileReference; fileEncoding = 4; lastKnownFileType = sourcecode.c.objc; name = SkylertsViewController.m; path = HSEHS/SkylertsViewController.m; sourceTree = "<group>"; };
		7F0CF63816C6EAED00F7D3A3 /* Skylert.h */ = {isa = PBXFileReference; fileEncoding = 4; lastKnownFileType = sourcecode.c.h; path = Skylert.h; sourceTree = "<group>"; };
		7F0CF63916C6EAED00F7D3A3 /* Skylert.m */ = {isa = PBXFileReference; fileEncoding = 4; lastKnownFileType = sourcecode.c.objc; path = Skylert.m; sourceTree = "<group>"; };
		7F0CF63B16C6EBCA00F7D3A3 /* ISO8601DateFormatter.h */ = {isa = PBXFileReference; fileEncoding = 4; lastKnownFileType = sourcecode.c.h; path = ISO8601DateFormatter.h; sourceTree = "<group>"; };
		7F0CF63C16C6EBCA00F7D3A3 /* ISO8601DateFormatter.m */ = {isa = PBXFileReference; fileEncoding = 4; lastKnownFileType = sourcecode.c.objc; path = ISO8601DateFormatter.m; sourceTree = "<group>"; };
		7F0CF64016C6EE6E00F7D3A3 /* SkylertFetcher.h */ = {isa = PBXFileReference; fileEncoding = 4; lastKnownFileType = sourcecode.c.h; path = SkylertFetcher.h; sourceTree = "<group>"; };
		7F0CF64116C6EE6E00F7D3A3 /* SkylertFetcher.m */ = {isa = PBXFileReference; fileEncoding = 4; lastKnownFileType = sourcecode.c.objc; path = SkylertFetcher.m; sourceTree = "<group>"; };
		7F0CF64416C6EECF00F7D3A3 /* NSObject+YAJL.h */ = {isa = PBXFileReference; fileEncoding = 4; lastKnownFileType = sourcecode.c.h; path = "NSObject+YAJL.h"; sourceTree = "<group>"; };
		7F0CF64516C6EECF00F7D3A3 /* yajl_common.h */ = {isa = PBXFileReference; fileEncoding = 4; lastKnownFileType = sourcecode.c.h; path = yajl_common.h; sourceTree = "<group>"; };
		7F0CF64616C6EECF00F7D3A3 /* yajl_gen.h */ = {isa = PBXFileReference; fileEncoding = 4; lastKnownFileType = sourcecode.c.h; path = yajl_gen.h; sourceTree = "<group>"; };
		7F0CF64716C6EECF00F7D3A3 /* yajl_parse.h */ = {isa = PBXFileReference; fileEncoding = 4; lastKnownFileType = sourcecode.c.h; path = yajl_parse.h; sourceTree = "<group>"; };
		7F0CF64816C6EED000F7D3A3 /* YAJL.h */ = {isa = PBXFileReference; fileEncoding = 4; lastKnownFileType = sourcecode.c.h; path = YAJL.h; sourceTree = "<group>"; };
		7F0CF64916C6EED000F7D3A3 /* YAJLDocument.h */ = {isa = PBXFileReference; fileEncoding = 4; lastKnownFileType = sourcecode.c.h; path = YAJLDocument.h; sourceTree = "<group>"; };
		7F0CF64A16C6EED000F7D3A3 /* YAJLGen.h */ = {isa = PBXFileReference; fileEncoding = 4; lastKnownFileType = sourcecode.c.h; path = YAJLGen.h; sourceTree = "<group>"; };
		7F0CF64B16C6EED000F7D3A3 /* YAJLParser.h */ = {isa = PBXFileReference; fileEncoding = 4; lastKnownFileType = sourcecode.c.h; path = YAJLParser.h; sourceTree = "<group>"; };
		7F0CF64E16C6EFB600F7D3A3 /* StorageRoom.h */ = {isa = PBXFileReference; fileEncoding = 4; lastKnownFileType = sourcecode.c.h; path = StorageRoom.h; sourceTree = "<group>"; };
		7F0CF64F16C6EFB600F7D3A3 /* StorageRoom.m */ = {isa = PBXFileReference; fileEncoding = 4; lastKnownFileType = sourcecode.c.objc; path = StorageRoom.m; sourceTree = "<group>"; };
		7F0CF65116C761C500F7D3A3 /* TextATipViewController.h */ = {isa = PBXFileReference; fileEncoding = 4; lastKnownFileType = sourcecode.c.h; path = TextATipViewController.h; sourceTree = "<group>"; };
		7F0CF65216C761C500F7D3A3 /* TextATipViewController.m */ = {isa = PBXFileReference; fileEncoding = 4; lastKnownFileType = sourcecode.c.objc; path = TextATipViewController.m; sourceTree = "<group>"; };
		7F0CF65416C7F9A000F7D3A3 /* MessageUI.framework */ = {isa = PBXFileReference; lastKnownFileType = wrapper.framework; name = MessageUI.framework; path = System/Library/Frameworks/MessageUI.framework; sourceTree = SDKROOT; };
		7F0E083C16C3021B007FD515 /* ClassPeriod.h */ = {isa = PBXFileReference; fileEncoding = 4; lastKnownFileType = sourcecode.c.h; path = ClassPeriod.h; sourceTree = "<group>"; };
		7F0E083D16C3021B007FD515 /* ClassPeriod.m */ = {isa = PBXFileReference; fileEncoding = 4; lastKnownFileType = sourcecode.c.objc; path = ClassPeriod.m; sourceTree = "<group>"; };
		7F0E084416C31B5D007FD515 /* en */ = {isa = PBXFileReference; lastKnownFileType = sourcecode.c.h; name = en; path = en.lproj/Schedule.h; sourceTree = "<group>"; };
		7F0E084616C31B5D007FD515 /* en */ = {isa = PBXFileReference; lastKnownFileType = sourcecode.c.objc; name = en; path = en.lproj/Schedule.m; sourceTree = "<group>"; };
		7F1F39F916ED2E16009938BF /* VideoTableViewCell.h */ = {isa = PBXFileReference; fileEncoding = 4; lastKnownFileType = sourcecode.c.h; path = VideoTableViewCell.h; sourceTree = "<group>"; };
		7F1F39FA16ED2E16009938BF /* VideoTableViewCell.m */ = {isa = PBXFileReference; fileEncoding = 4; lastKnownFileType = sourcecode.c.objc; path = VideoTableViewCell.m; sourceTree = "<group>"; };
		7F1F39FC16ED3B90009938BF /* MasterAlertsViewController.h */ = {isa = PBXFileReference; fileEncoding = 4; lastKnownFileType = sourcecode.c.h; path = MasterAlertsViewController.h; sourceTree = "<group>"; };
		7F1F39FD16ED3B90009938BF /* MasterAlertsViewController.m */ = {isa = PBXFileReference; fileEncoding = 4; lastKnownFileType = sourcecode.c.objc; path = MasterAlertsViewController.m; sourceTree = "<group>"; };
		7F1F39FF16ED3BE9009938BF /* AlertCell.h */ = {isa = PBXFileReference; fileEncoding = 4; lastKnownFileType = sourcecode.c.h; path = AlertCell.h; sourceTree = "<group>"; };
		7F1F3A0016ED3BE9009938BF /* AlertCell.m */ = {isa = PBXFileReference; fileEncoding = 4; lastKnownFileType = sourcecode.c.objc; path = AlertCell.m; sourceTree = "<group>"; };
		7F1F3A0216ED50CA009938BF /* AnnouncementCell.h */ = {isa = PBXFileReference; fileEncoding = 4; lastKnownFileType = sourcecode.c.h; path = AnnouncementCell.h; sourceTree = "<group>"; };
		7F1F3A0316ED50CA009938BF /* AnnouncementCell.m */ = {isa = PBXFileReference; fileEncoding = 4; lastKnownFileType = sourcecode.c.objc; path = AnnouncementCell.m; sourceTree = "<group>"; };
		7F1F3A0816EEAC62009938BF /* CoreDataHelper.h */ = {isa = PBXFileReference; fileEncoding = 4; lastKnownFileType = sourcecode.c.h; path = CoreDataHelper.h; sourceTree = "<group>"; };
		7F1F3A0916EEAC62009938BF /* CoreDataHelper.m */ = {isa = PBXFileReference; fileEncoding = 4; lastKnownFileType = sourcecode.c.objc; path = CoreDataHelper.m; sourceTree = "<group>"; };
		7F1F3A0B16EEAEEC009938BF /* FeedParser.h */ = {isa = PBXFileReference; fileEncoding = 4; lastKnownFileType = sourcecode.c.h; path = FeedParser.h; sourceTree = "<group>"; };
		7F1F3A0C16EEAEEC009938BF /* FeedParser.m */ = {isa = PBXFileReference; fileEncoding = 4; lastKnownFileType = sourcecode.c.objc; path = FeedParser.m; sourceTree = "<group>"; };
		7F1F3A0E16EEAFB4009938BF /* FeedStore.h */ = {isa = PBXFileReference; fileEncoding = 4; lastKnownFileType = sourcecode.c.h; path = FeedStore.h; sourceTree = "<group>"; };
		7F1F3A0F16EEAFB4009938BF /* FeedStore.m */ = {isa = PBXFileReference; fileEncoding = 4; lastKnownFileType = sourcecode.c.objc; path = FeedStore.m; sourceTree = "<group>"; };
		7F22911916CEB96D00D5E884 /* YoutubePlayerViewController.h */ = {isa = PBXFileReference; fileEncoding = 4; lastKnownFileType = sourcecode.c.h; path = YoutubePlayerViewController.h; sourceTree = "<group>"; };
		7F22911A16CEB96D00D5E884 /* YoutubePlayerViewController.m */ = {isa = PBXFileReference; fileEncoding = 4; lastKnownFileType = sourcecode.c.objc; path = YoutubePlayerViewController.m; sourceTree = "<group>"; };
		7F22911C16CEB97F00D5E884 /* VideoPlaylistViewController.h */ = {isa = PBXFileReference; fileEncoding = 4; lastKnownFileType = sourcecode.c.h; path = VideoPlaylistViewController.h; sourceTree = "<group>"; };
		7F22911D16CEB97F00D5E884 /* VideoPlaylistViewController.m */ = {isa = PBXFileReference; fileEncoding = 4; lastKnownFileType = sourcecode.c.objc; path = VideoPlaylistViewController.m; sourceTree = "<group>"; };
		7F22911F16CEBC5C00D5E884 /* Video.h */ = {isa = PBXFileReference; fileEncoding = 4; lastKnownFileType = sourcecode.c.h; name = Video.h; path = ../Video.h; sourceTree = "<group>"; };
		7F22912016CEBC5C00D5E884 /* Video.m */ = {isa = PBXFileReference; fileEncoding = 4; lastKnownFileType = sourcecode.c.objc; name = Video.m; path = ../Video.m; sourceTree = "<group>"; };
		7F22912216CEBC7E00D5E884 /* VideoFetcher.h */ = {isa = PBXFileReference; fileEncoding = 4; lastKnownFileType = sourcecode.c.h; path = VideoFetcher.h; sourceTree = "<group>"; };
		7F22912316CEBC7E00D5E884 /* VideoFetcher.m */ = {isa = PBXFileReference; fileEncoding = 4; lastKnownFileType = sourcecode.c.objc; path = VideoFetcher.m; sourceTree = "<group>"; };
		7F22912516D0A18A00D5E884 /* PlayButton@2x.png */ = {isa = PBXFileReference; lastKnownFileType = image.png; path = "PlayButton@2x.png"; sourceTree = "<group>"; };
		7F2F17CF16BF294F00CC1718 /* ContactUsViewController.h */ = {isa = PBXFileReference; fileEncoding = 4; lastKnownFileType = sourcecode.c.h; name = ContactUsViewController.h; path = HSEHS/ContactUsViewController.h; sourceTree = "<group>"; };
		7F2F17D016BF294F00CC1718 /* ContactUsViewController.m */ = {isa = PBXFileReference; fileEncoding = 4; lastKnownFileType = sourcecode.c.objc; name = ContactUsViewController.m; path = HSEHS/ContactUsViewController.m; sourceTree = "<group>"; };
		7F2F17D216BF29CB00CC1718 /* ContactTeacherViewController.h */ = {isa = PBXFileReference; fileEncoding = 4; lastKnownFileType = sourcecode.c.h; name = ContactTeacherViewController.h; path = HSEHS/ContactTeacherViewController.h; sourceTree = "<group>"; };
		7F2F17D316BF29CB00CC1718 /* ContactTeacherViewController.m */ = {isa = PBXFileReference; fileEncoding = 4; lastKnownFileType = sourcecode.c.objc; name = ContactTeacherViewController.m; path = HSEHS/ContactTeacherViewController.m; sourceTree = "<group>"; };
		7F2F17D516BF29DF00CC1718 /* BellSchedulesViewController.h */ = {isa = PBXFileReference; fileEncoding = 4; lastKnownFileType = sourcecode.c.h; name = BellSchedulesViewController.h; path = HSEHS/BellSchedulesViewController.h; sourceTree = "<group>"; };
		7F2F17D616BF29DF00CC1718 /* BellSchedulesViewController.m */ = {isa = PBXFileReference; fileEncoding = 4; lastKnownFileType = sourcecode.c.objc; name = BellSchedulesViewController.m; path = HSEHS/BellSchedulesViewController.m; sourceTree = "<group>"; };
		7F2F17D816BF29F200CC1718 /* LunchViewController.h */ = {isa = PBXFileReference; fileEncoding = 4; lastKnownFileType = sourcecode.c.h; name = LunchViewController.h; path = HSEHS/LunchViewController.h; sourceTree = "<group>"; };
		7F2F17D916BF29F200CC1718 /* LunchViewController.m */ = {isa = PBXFileReference; fileEncoding = 4; lastKnownFileType = sourcecode.c.objc; name = LunchViewController.m; path = HSEHS/LunchViewController.m; sourceTree = "<group>"; };
		7F2F17DC16C0097800CC1718 /* segcontrol_sel-uns.png */ = {isa = PBXFileReference; lastKnownFileType = image.png; path = "segcontrol_sel-uns.png"; sourceTree = "<group>"; };
		7F2F17DD16C0097800CC1718 /* segcontrol_sel.png */ = {isa = PBXFileReference; lastKnownFileType = image.png; path = segcontrol_sel.png; sourceTree = "<group>"; };
		7F2F17DE16C0097800CC1718 /* segcontrol_uns-sel.png */ = {isa = PBXFileReference; lastKnownFileType = image.png; path = "segcontrol_uns-sel.png"; sourceTree = "<group>"; };
		7F2F17DF16C0097800CC1718 /* segcontrol_uns-uns.png */ = {isa = PBXFileReference; lastKnownFileType = image.png; path = "segcontrol_uns-uns.png"; sourceTree = "<group>"; };
		7F2F17E016C0097800CC1718 /* segcontrol_uns.png */ = {isa = PBXFileReference; lastKnownFileType = image.png; path = segcontrol_uns.png; sourceTree = "<group>"; };
		7F2F17E116C0097800CC1718 /* segcontrol_sel-uns@2x.png */ = {isa = PBXFileReference; lastKnownFileType = image.png; path = "segcontrol_sel-uns@2x.png"; sourceTree = "<group>"; };
		7F2F17E216C0097800CC1718 /* segcontrol_sel@2x.png */ = {isa = PBXFileReference; lastKnownFileType = image.png; path = "segcontrol_sel@2x.png"; sourceTree = "<group>"; };
		7F2F17E316C0097800CC1718 /* segcontrol_uns-sel@2x.png */ = {isa = PBXFileReference; lastKnownFileType = image.png; path = "segcontrol_uns-sel@2x.png"; sourceTree = "<group>"; };
		7F2F17E416C0097800CC1718 /* segcontrol_uns-uns@2x.png */ = {isa = PBXFileReference; lastKnownFileType = image.png; path = "segcontrol_uns-uns@2x.png"; sourceTree = "<group>"; };
		7F2F17E516C0097800CC1718 /* segcontrol_uns@2x.png */ = {isa = PBXFileReference; lastKnownFileType = image.png; path = "segcontrol_uns@2x.png"; sourceTree = "<group>"; };
		7F2F17F116C00CC300CC1718 /* whitepattern@2x.png */ = {isa = PBXFileReference; lastKnownFileType = image.png; path = "whitepattern@2x.png"; sourceTree = "<group>"; };
		7F5A123517109FAA002A6E80 /* NewsStoryHtml.html */ = {isa = PBXFileReference; fileEncoding = 4; lastKnownFileType = text.html; path = NewsStoryHtml.html; sourceTree = "<group>"; };
		7F5A123B1710A6A6002A6E80 /* orbBottomBar@2x.png */ = {isa = PBXFileReference; lastKnownFileType = image.png; path = "orbBottomBar@2x.png"; sourceTree = "<group>"; };
		7F5A123D1710A7BA002A6E80 /* simpleArrow@2x.png */ = {isa = PBXFileReference; lastKnownFileType = image.png; path = "simpleArrow@2x.png"; sourceTree = "<group>"; };
		7F5A123F1710A8A9002A6E80 /* simpleLeftArrow@2x.png */ = {isa = PBXFileReference; lastKnownFileType = image.png; path = "simpleLeftArrow@2x.png"; sourceTree = "<group>"; };
		7F5A12421711E961002A6E80 /* bellIcon@2x.png */ = {isa = PBXFileReference; lastKnownFileType = image.png; path = "bellIcon@2x.png"; sourceTree = "<group>"; };
		7F5A12431711E961002A6E80 /* announcementsIcon@2x.png */ = {isa = PBXFileReference; lastKnownFileType = image.png; path = "announcementsIcon@2x.png"; sourceTree = "<group>"; };
		7F5A12441711E961002A6E80 /* newsIcon@2x.png */ = {isa = PBXFileReference; lastKnownFileType = image.png; path = "newsIcon@2x.png"; sourceTree = "<group>"; };
		7F5A12451711E961002A6E80 /* tvIcon@2x.png */ = {isa = PBXFileReference; lastKnownFileType = image.png; path = "tvIcon@2x.png"; sourceTree = "<group>"; };
		7F5A12461711E961002A6E80 /* textTipIcon@2x.png */ = {isa = PBXFileReference; lastKnownFileType = image.png; path = "textTipIcon@2x.png"; sourceTree = "<group>"; };
		7F5A12471711E961002A6E80 /* alertsIcon@2x.png */ = {isa = PBXFileReference; lastKnownFileType = image.png; path = "alertsIcon@2x.png"; sourceTree = "<group>"; };
		7F5A12481711E961002A6E80 /* homeIcon@2x.png */ = {isa = PBXFileReference; lastKnownFileType = image.png; path = "homeIcon@2x.png"; sourceTree = "<group>"; };
		7F5A12501711EC98002A6E80 /* phoneIcon@2x.png */ = {isa = PBXFileReference; lastKnownFileType = image.png; path = "phoneIcon@2x.png"; sourceTree = "<group>"; };
		7F5A12511711EC98002A6E80 /* mailIcon@2x.png */ = {isa = PBXFileReference; lastKnownFileType = image.png; path = "mailIcon@2x.png"; sourceTree = "<group>"; };
		7F5A12541711EDD3002A6E80 /* judgeIcon@2x.png */ = {isa = PBXFileReference; lastKnownFileType = image.png; path = "judgeIcon@2x.png"; sourceTree = "<group>"; };
		7F5A1259171246DB002A6E80 /* MySlidingNavigationController.h */ = {isa = PBXFileReference; fileEncoding = 4; lastKnownFileType = sourcecode.c.h; path = MySlidingNavigationController.h; sourceTree = "<group>"; };
		7F5A125A171246DB002A6E80 /* MySlidingNavigationController.m */ = {isa = PBXFileReference; fileEncoding = 4; lastKnownFileType = sourcecode.c.objc; path = MySlidingNavigationController.m; sourceTree = "<group>"; };
		7F5B477716EA599A003EED84 /* Base.xcdatamodel */ = {isa = PBXFileReference; lastKnownFileType = wrapper.xcdatamodel; path = Base.xcdatamodel; sourceTree = "<group>"; };
		7F5B477916EA59A5003EED84 /* CoreData.framework */ = {isa = PBXFileReference; lastKnownFileType = wrapper.framework; name = CoreData.framework; path = System/Library/Frameworks/CoreData.framework; sourceTree = SDKROOT; };
		7F5B477B16EA5A8D003EED84 /* DataFetcher.h */ = {isa = PBXFileReference; fileEncoding = 4; lastKnownFileType = sourcecode.c.h; path = DataFetcher.h; sourceTree = "<group>"; };
		7F5B477C16EA5A8D003EED84 /* DataFetcher.m */ = {isa = PBXFileReference; fileEncoding = 4; lastKnownFileType = sourcecode.c.objc; path = DataFetcher.m; sourceTree = "<group>"; };
		7F5B477E16EA5DB3003EED84 /* YoutubeVideo.h */ = {isa = PBXFileReference; fileEncoding = 4; lastKnownFileType = sourcecode.c.h; path = YoutubeVideo.h; sourceTree = "<group>"; };
		7F5B477F16EA5DB3003EED84 /* YoutubeVideo.m */ = {isa = PBXFileReference; fileEncoding = 4; lastKnownFileType = sourcecode.c.objc; path = YoutubeVideo.m; sourceTree = "<group>"; };
		7F5B478116EA5DB3003EED84 /* NewsStory.h */ = {isa = PBXFileReference; fileEncoding = 4; lastKnownFileType = sourcecode.c.h; path = NewsStory.h; sourceTree = "<group>"; };
		7F5B478216EA5DB3003EED84 /* NewsStory.m */ = {isa = PBXFileReference; fileEncoding = 4; lastKnownFileType = sourcecode.c.objc; path = NewsStory.m; sourceTree = "<group>"; };
		7F6A222516C06940002960B4 /* LargeRoyalsLogo@2x.png */ = {isa = PBXFileReference; lastKnownFileType = image.png; path = "LargeRoyalsLogo@2x.png"; sourceTree = "<group>"; };
		7F6A222916C07005002960B4 /* Reg-Main@2x.png */ = {isa = PBXFileReference; lastKnownFileType = image.png; path = "Reg-Main@2x.png"; sourceTree = "<group>"; };
		7F7D20A916DAD58C001987FE /* 37x-Checkmark.png */ = {isa = PBXFileReference; lastKnownFileType = image.png; path = "37x-Checkmark.png"; sourceTree = "<group>"; };
		7F7D20AA16DAD58C001987FE /* 37x-Checkmark@2x.png */ = {isa = PBXFileReference; lastKnownFileType = image.png; path = "37x-Checkmark@2x.png"; sourceTree = "<group>"; };
		7F7D20B316DAE180001987FE /* YAJLiOS.framework */ = {isa = PBXFileReference; lastKnownFileType = wrapper.framework; path = YAJLiOS.framework; sourceTree = "<group>"; };
		7F7D20B516DBE074001987FE /* bellSchedule.plist */ = {isa = PBXFileReference; fileEncoding = 4; lastKnownFileType = text.plist.xml; path = bellSchedule.plist; sourceTree = "<group>"; };
		7F8E1AA716BC4AD700B7B3CB /* HSEHS.app */ = {isa = PBXFileReference; explicitFileType = wrapper.application; includeInIndex = 0; path = HSEHS.app; sourceTree = BUILT_PRODUCTS_DIR; };
		7F8E1AAA16BC4AD700B7B3CB /* UIKit.framework */ = {isa = PBXFileReference; lastKnownFileType = wrapper.framework; name = UIKit.framework; path = System/Library/Frameworks/UIKit.framework; sourceTree = SDKROOT; };
		7F8E1AAC16BC4AD700B7B3CB /* Foundation.framework */ = {isa = PBXFileReference; lastKnownFileType = wrapper.framework; name = Foundation.framework; path = System/Library/Frameworks/Foundation.framework; sourceTree = SDKROOT; };
		7F8E1AAE16BC4AD700B7B3CB /* CoreGraphics.framework */ = {isa = PBXFileReference; lastKnownFileType = wrapper.framework; name = CoreGraphics.framework; path = System/Library/Frameworks/CoreGraphics.framework; sourceTree = SDKROOT; };
		7F8E1AB216BC4AD700B7B3CB /* HSEHS-Info.plist */ = {isa = PBXFileReference; lastKnownFileType = text.plist.xml; path = "HSEHS-Info.plist"; sourceTree = "<group>"; };
		7F8E1AB416BC4AD700B7B3CB /* en */ = {isa = PBXFileReference; lastKnownFileType = text.plist.strings; name = en; path = en.lproj/InfoPlist.strings; sourceTree = "<group>"; };
		7F8E1AB616BC4AD700B7B3CB /* main.m */ = {isa = PBXFileReference; lastKnownFileType = sourcecode.c.objc; path = main.m; sourceTree = "<group>"; };
		7F8E1AB816BC4AD700B7B3CB /* HSEHS-Prefix.pch */ = {isa = PBXFileReference; lastKnownFileType = sourcecode.c.h; path = "HSEHS-Prefix.pch"; sourceTree = "<group>"; };
		7F8E1AB916BC4AD700B7B3CB /* AppDelegate.h */ = {isa = PBXFileReference; lastKnownFileType = sourcecode.c.h; path = AppDelegate.h; sourceTree = "<group>"; };
		7F8E1ABA16BC4AD700B7B3CB /* AppDelegate.m */ = {isa = PBXFileReference; lastKnownFileType = sourcecode.c.objc; path = AppDelegate.m; sourceTree = "<group>"; };
		7F8E1ABC16BC4AD700B7B3CB /* Default.png */ = {isa = PBXFileReference; lastKnownFileType = image.png; path = Default.png; sourceTree = "<group>"; };
		7F8E1ABE16BC4AD700B7B3CB /* Default@2x.png */ = {isa = PBXFileReference; lastKnownFileType = image.png; path = "Default@2x.png"; sourceTree = "<group>"; };
		7F8E1AC016BC4AD700B7B3CB /* Default-568h@2x.png */ = {isa = PBXFileReference; lastKnownFileType = image.png; path = "Default-568h@2x.png"; sourceTree = "<group>"; };
		7F8E1AC316BC4AD700B7B3CB /* en */ = {isa = PBXFileReference; lastKnownFileType = file.storyboard; name = en; path = en.lproj/MainStoryboard.storyboard; sourceTree = "<group>"; };
		7F8E1ACE16BC4B1800B7B3CB /* ECSlidingViewController.h */ = {isa = PBXFileReference; fileEncoding = 4; lastKnownFileType = sourcecode.c.h; path = ECSlidingViewController.h; sourceTree = "<group>"; };
		7F8E1ACF16BC4B1800B7B3CB /* ECSlidingViewController.m */ = {isa = PBXFileReference; fileEncoding = 4; lastKnownFileType = sourcecode.c.objc; path = ECSlidingViewController.m; sourceTree = "<group>"; };
		7F8E1AD016BC4B1800B7B3CB /* UIImage+ImageWithUIView.h */ = {isa = PBXFileReference; fileEncoding = 4; lastKnownFileType = sourcecode.c.h; path = "UIImage+ImageWithUIView.h"; sourceTree = "<group>"; };
		7F8E1AD116BC4B1800B7B3CB /* UIImage+ImageWithUIView.m */ = {isa = PBXFileReference; fileEncoding = 4; lastKnownFileType = sourcecode.c.objc; path = "UIImage+ImageWithUIView.m"; sourceTree = "<group>"; };
		7F8E1AD416BC4B4900B7B3CB /* InitViewController.h */ = {isa = PBXFileReference; fileEncoding = 4; lastKnownFileType = sourcecode.c.h; path = InitViewController.h; sourceTree = "<group>"; };
		7F8E1AD516BC4B4900B7B3CB /* InitViewController.m */ = {isa = PBXFileReference; fileEncoding = 4; lastKnownFileType = sourcecode.c.objc; path = InitViewController.m; sourceTree = "<group>"; };
		7F8E1AD716BC4B6700B7B3CB /* MenuViewController.h */ = {isa = PBXFileReference; fileEncoding = 4; lastKnownFileType = sourcecode.c.h; name = MenuViewController.h; path = HSEHS/MenuViewController.h; sourceTree = "<group>"; };
		7F8E1AD816BC4B6700B7B3CB /* MenuViewController.m */ = {isa = PBXFileReference; fileEncoding = 4; lastKnownFileType = sourcecode.c.objc; name = MenuViewController.m; path = HSEHS/MenuViewController.m; sourceTree = "<group>"; };
		7F8E1ADA16BC4B8A00B7B3CB /* MainViewController.h */ = {isa = PBXFileReference; fileEncoding = 4; lastKnownFileType = sourcecode.c.h; name = MainViewController.h; path = HSEHS/MainViewController.h; sourceTree = "<group>"; };
		7F8E1ADB16BC4B8A00B7B3CB /* MainViewController.m */ = {isa = PBXFileReference; fileEncoding = 4; lastKnownFileType = sourcecode.c.objc; name = MainViewController.m; path = HSEHS/MainViewController.m; sourceTree = "<group>"; };
		7F8E1ADD16BC4BD000B7B3CB /* HandbookViewController.h */ = {isa = PBXFileReference; fileEncoding = 4; lastKnownFileType = sourcecode.c.h; name = HandbookViewController.h; path = HSEHS/HandbookViewController.h; sourceTree = "<group>"; };
		7F8E1ADE16BC4BD000B7B3CB /* HandbookViewController.m */ = {isa = PBXFileReference; fileEncoding = 4; lastKnownFileType = sourcecode.c.objc; name = HandbookViewController.m; path = HSEHS/HandbookViewController.m; sourceTree = "<group>"; };
		7F8E1AE316BD6E9500B7B3CB /* TableViewPatternCell@2x.png */ = {isa = PBXFileReference; lastKnownFileType = image.png; path = "TableViewPatternCell@2x.png"; sourceTree = "<group>"; };
		7F8E1AE516BECF8200B7B3CB /* tableViewBackground@2x.png */ = {isa = PBXFileReference; lastKnownFileType = image.png; path = "tableViewBackground@2x.png"; sourceTree = "<group>"; };
		7F8E1AEB16BED5EA00B7B3CB /* 2012Handbook.pdf */ = {isa = PBXFileReference; lastKnownFileType = image.pdf; path = 2012Handbook.pdf; sourceTree = "<group>"; };
		7F8E1AF316BEDB8000B7B3CB /* menuButtonBlue@2x.png */ = {isa = PBXFileReference; lastKnownFileType = image.png; path = "menuButtonBlue@2x.png"; sourceTree = "<group>"; };
		7FA53D0F16C9390100F7E0D8 /* text-field@2x.png */ = {isa = PBXFileReference; lastKnownFileType = image.png; path = "text-field@2x.png"; sourceTree = "<group>"; };
		7FA53D1216C93C4000F7E0D8 /* topRow@2x.png */ = {isa = PBXFileReference; lastKnownFileType = image.png; path = "topRow@2x.png"; sourceTree = "<group>"; };
		7FBF32ED16DAB003008191E0 /* MBProgressHUD.h */ = {isa = PBXFileReference; fileEncoding = 4; lastKnownFileType = sourcecode.c.h; path = MBProgressHUD.h; sourceTree = "<group>"; };
		7FBF32EE16DAB003008191E0 /* MBProgressHUD.m */ = {isa = PBXFileReference; fileEncoding = 4; lastKnownFileType = sourcecode.c.objc; path = MBProgressHUD.m; sourceTree = "<group>"; };
		7FCCEB8816E7F5C0003F104D /* libxml2.dylib */ = {isa = PBXFileReference; lastKnownFileType = "compiled.mach-o.dylib"; name = libxml2.dylib; path = usr/lib/libxml2.dylib; sourceTree = SDKROOT; };
		7FCCEB8A16E7F5C8003F104D /* ImageIO.framework */ = {isa = PBXFileReference; lastKnownFileType = wrapper.framework; name = ImageIO.framework; path = System/Library/Frameworks/ImageIO.framework; sourceTree = SDKROOT; };
		7FD397F216C836240042B3DA /* Icon-Small.png */ = {isa = PBXFileReference; lastKnownFileType = image.png; path = "Icon-Small.png"; sourceTree = "<group>"; };
		7FD397F316C836240042B3DA /* Icon-Small@2x.png */ = {isa = PBXFileReference; lastKnownFileType = image.png; path = "Icon-Small@2x.png"; sourceTree = "<group>"; };
		7FD397F416C836240042B3DA /* Icon.png */ = {isa = PBXFileReference; lastKnownFileType = image.png; path = Icon.png; sourceTree = "<group>"; };
		7FD397F516C836240042B3DA /* Icon@2x.png */ = {isa = PBXFileReference; lastKnownFileType = image.png; path = "Icon@2x.png"; sourceTree = "<group>"; };
		7FD397F616C836240042B3DA /* iTunesArtwork */ = {isa = PBXFileReference; lastKnownFileType = file; path = iTunesArtwork; sourceTree = "<group>"; };
		7FD397F716C836240042B3DA /* iTunesArtwork.png */ = {isa = PBXFileReference; lastKnownFileType = image.png; path = iTunesArtwork.png; sourceTree = "<group>"; };
		7FD397F816C836240042B3DA /* iTunesArtwork@2x.png */ = {isa = PBXFileReference; lastKnownFileType = image.png; path = "iTunesArtwork@2x.png"; sourceTree = "<group>"; };
		7FDE918716F4FCF0007C5645 /* BlueNavBarBack@2x.png */ = {isa = PBXFileReference; lastKnownFileType = image.png; path = "BlueNavBarBack@2x.png"; sourceTree = "<group>"; };
		7FED03C116FF74A0001A0350 /* Announcement.h */ = {isa = PBXFileReference; fileEncoding = 4; lastKnownFileType = sourcecode.c.h; path = Announcement.h; sourceTree = "<group>"; };
		7FED03C216FF74A0001A0350 /* Announcement.m */ = {isa = PBXFileReference; fileEncoding = 4; lastKnownFileType = sourcecode.c.objc; path = Announcement.m; sourceTree = "<group>"; };
		7FED03C416FFA4FB001A0350 /* arrow@2x.png */ = {isa = PBXFileReference; lastKnownFileType = image.png; path = "arrow@2x.png"; sourceTree = "<group>"; };
		7FED03C616FFB9C1001A0350 /* WebViewController.h */ = {isa = PBXFileReference; fileEncoding = 4; lastKnownFileType = sourcecode.c.h; path = WebViewController.h; sourceTree = "<group>"; };
		7FED03C716FFB9C1001A0350 /* WebViewController.m */ = {isa = PBXFileReference; fileEncoding = 4; lastKnownFileType = sourcecode.c.objc; path = WebViewController.m; sourceTree = "<group>"; };
		7FED03C916FFF869001A0350 /* backButton@2x.png */ = {isa = PBXFileReference; lastKnownFileType = image.png; path = "backButton@2x.png"; sourceTree = "<group>"; };
		7FFBFBB616D1584200B449C2 /* AVFoundation.framework */ = {isa = PBXFileReference; lastKnownFileType = wrapper.framework; name = AVFoundation.framework; path = System/Library/Frameworks/AVFoundation.framework; sourceTree = SDKROOT; };
		7FFBFBB816D1617F00B449C2 /* btn-large-3@2x.png */ = {isa = PBXFileReference; lastKnownFileType = image.png; path = "btn-large-3@2x.png"; sourceTree = "<group>"; };
		7FFBFBBA16D1692200B449C2 /* menuButton@2x.png */ = {isa = PBXFileReference; lastKnownFileType = image.png; path = "menuButton@2x.png"; sourceTree = "<group>"; };
		7FFBFBC116D2008400B449C2 /* NewsViewController.h */ = {isa = PBXFileReference; fileEncoding = 4; lastKnownFileType = sourcecode.c.h; path = NewsViewController.h; sourceTree = "<group>"; };
		7FFBFBC216D2008500B449C2 /* NewsViewController.m */ = {isa = PBXFileReference; fileEncoding = 4; lastKnownFileType = sourcecode.c.objc; path = NewsViewController.m; sourceTree = "<group>"; };
		7FFBFBC516D202DD00B449C2 /* GTMNSString+HTML.h */ = {isa = PBXFileReference; fileEncoding = 4; lastKnownFileType = sourcecode.c.h; path = "GTMNSString+HTML.h"; sourceTree = "<group>"; };
		7FFBFBC616D202DD00B449C2 /* GTMNSString+HTML.m */ = {isa = PBXFileReference; fileEncoding = 4; lastKnownFileType = sourcecode.c.objc; path = "GTMNSString+HTML.m"; sourceTree = "<group>"; };
		7FFBFBC716D202DD00B449C2 /* MWFeedInfo.h */ = {isa = PBXFileReference; fileEncoding = 4; lastKnownFileType = sourcecode.c.h; path = MWFeedInfo.h; sourceTree = "<group>"; };
		7FFBFBC816D202DD00B449C2 /* MWFeedInfo.m */ = {isa = PBXFileReference; fileEncoding = 4; lastKnownFileType = sourcecode.c.objc; path = MWFeedInfo.m; sourceTree = "<group>"; };
		7FFBFBC916D202DD00B449C2 /* MWFeedItem.h */ = {isa = PBXFileReference; fileEncoding = 4; lastKnownFileType = sourcecode.c.h; path = MWFeedItem.h; sourceTree = "<group>"; };
		7FFBFBCA16D202DD00B449C2 /* MWFeedItem.m */ = {isa = PBXFileReference; fileEncoding = 4; lastKnownFileType = sourcecode.c.objc; path = MWFeedItem.m; sourceTree = "<group>"; };
		7FFBFBCB16D202DD00B449C2 /* MWFeedParser_Private.h */ = {isa = PBXFileReference; fileEncoding = 4; lastKnownFileType = sourcecode.c.h; path = MWFeedParser_Private.h; sourceTree = "<group>"; };
		7FFBFBCC16D202DD00B449C2 /* MWFeedParser.h */ = {isa = PBXFileReference; fileEncoding = 4; lastKnownFileType = sourcecode.c.h; path = MWFeedParser.h; sourceTree = "<group>"; };
		7FFBFBCD16D202DD00B449C2 /* MWFeedParser.m */ = {isa = PBXFileReference; fileEncoding = 4; lastKnownFileType = sourcecode.c.objc; path = MWFeedParser.m; sourceTree = "<group>"; };
		7FFBFBD016D202DD00B449C2 /* NSDate+InternetDateTime.h */ = {isa = PBXFileReference; fileEncoding = 4; lastKnownFileType = sourcecode.c.h; path = "NSDate+InternetDateTime.h"; sourceTree = "<group>"; };
		7FFBFBD116D202DD00B449C2 /* NSDate+InternetDateTime.m */ = {isa = PBXFileReference; fileEncoding = 4; lastKnownFileType = sourcecode.c.objc; path = "NSDate+InternetDateTime.m"; sourceTree = "<group>"; };
		7FFBFBD216D202DD00B449C2 /* NSString+HTML.h */ = {isa = PBXFileReference; fileEncoding = 4; lastKnownFileType = sourcecode.c.h; path = "NSString+HTML.h"; sourceTree = "<group>"; };
		7FFBFBD316D202DD00B449C2 /* NSString+HTML.m */ = {isa = PBXFileReference; fileEncoding = 4; lastKnownFileType = sourcecode.c.objc; path = "NSString+HTML.m"; sourceTree = "<group>"; };
		7FFBFBD416D202DD00B449C2 /* NSString+XMLEntities.h */ = {isa = PBXFileReference; fileEncoding = 4; lastKnownFileType = sourcecode.c.h; path = "NSString+XMLEntities.h"; sourceTree = "<group>"; };
		7FFBFBD516D202DD00B449C2 /* NSString+XMLEntities.m */ = {isa = PBXFileReference; fileEncoding = 4; lastKnownFileType = sourcecode.c.objc; path = "NSString+XMLEntities.m"; sourceTree = "<group>"; };
		7FFBFBDE16D20CE300B449C2 /* NewsStoryScrollView.h */ = {isa = PBXFileReference; fileEncoding = 4; lastKnownFileType = sourcecode.c.h; name = NewsStoryScrollView.h; path = ../NewsStoryScrollView.h; sourceTree = "<group>"; };
		7FFBFBDF16D20CE300B449C2 /* NewsStoryScrollView.m */ = {isa = PBXFileReference; fileEncoding = 4; lastKnownFileType = sourcecode.c.objc; name = NewsStoryScrollView.m; path = ../NewsStoryScrollView.m; sourceTree = "<group>"; };
		7FFBFBE416D28DCD00B449C2 /* UIDevice+Resolutions.h */ = {isa = PBXFileReference; fileEncoding = 4; lastKnownFileType = sourcecode.c.h; path = "UIDevice+Resolutions.h"; sourceTree = "<group>"; };
		7FFBFBE516D28DCE00B449C2 /* UIDevice+Resolutions.m */ = {isa = PBXFileReference; fileEncoding = 4; lastKnownFileType = sourcecode.c.objc; path = "UIDevice+Resolutions.m"; sourceTree = "<group>"; };
		7FFBFBE816D2A14700B449C2 /* Papers@2x.png */ = {isa = PBXFileReference; lastKnownFileType = image.png; path = "Papers@2x.png"; sourceTree = "<group>"; };
/* End PBXFileReference section */

/* Begin PBXFrameworksBuildPhase section */
		7F8E1AA416BC4AD700B7B3CB /* Frameworks */ = {
			isa = PBXFrameworksBuildPhase;
			buildActionMask = 2147483647;
			files = (
				7F5B477A16EA59A5003EED84 /* CoreData.framework in Frameworks */,
				7FCCEB8B16E7F5C8003F104D /* ImageIO.framework in Frameworks */,
				7FCCEB8916E7F5C0003F104D /* libxml2.dylib in Frameworks */,
				7FFBFBB716D1584200B449C2 /* AVFoundation.framework in Frameworks */,
				7F071A4716C81D47009C2CAD /* SystemConfiguration.framework in Frameworks */,
				7F071A4516C81D41009C2CAD /* StoreKit.framework in Frameworks */,
				7F071A4316C81D3B009C2CAD /* Social.framework in Frameworks */,
				7F071A4116C81D35009C2CAD /* Security.framework in Frameworks */,
				7F071A3F16C81D2B009C2CAD /* QuartzCore.framework in Frameworks */,
				7F071A3D16C81D26009C2CAD /* MobileCoreServices.framework in Frameworks */,
				7F071A3B16C81D20009C2CAD /* libz.1.1.3.dylib in Frameworks */,
				7F071A3916C81D19009C2CAD /* libsqlite3.dylib in Frameworks */,
				7F071A3716C81D10009C2CAD /* CoreLocation.framework in Frameworks */,
				7F071A3516C81D03009C2CAD /* CFNetwork.framework in Frameworks */,
				7F071A3316C81CFE009C2CAD /* AdSupport.framework in Frameworks */,
				7F071A3116C81CF9009C2CAD /* Accounts.framework in Frameworks */,
				7F071A2F16C81CF4009C2CAD /* AudioToolbox.framework in Frameworks */,
				7F0CF65516C7F9A000F7D3A3 /* MessageUI.framework in Frameworks */,
				7F8E1AAB16BC4AD700B7B3CB /* UIKit.framework in Frameworks */,
				7F8E1AAD16BC4AD700B7B3CB /* Foundation.framework in Frameworks */,
				7F8E1AAF16BC4AD700B7B3CB /* CoreGraphics.framework in Frameworks */,
				7F071A2D16C81912009C2CAD /* Parse.framework in Frameworks */,
				7F7D20B416DAE180001987FE /* YAJLiOS.framework in Frameworks */,
			);
			runOnlyForDeploymentPostprocessing = 0;
		};
/* End PBXFrameworksBuildPhase section */

/* Begin PBXGroup section */
		7F0CF63E16C6EBCD00F7D3A3 /* Data Fetch Tools -- Storage Room */ = {
			isa = PBXGroup;
			children = (
				7F0CF64E16C6EFB600F7D3A3 /* StorageRoom.h */,
				7F0CF64F16C6EFB600F7D3A3 /* StorageRoom.m */,
				7F0CF64D16C6EED400F7D3A3 /* YAJL */,
				7F0CF63F16C6EBE200F7D3A3 /* ISO8601DateFormatter */,
			);
			name = "Data Fetch Tools -- Storage Room";
			sourceTree = "<group>";
		};
		7F0CF63F16C6EBE200F7D3A3 /* ISO8601DateFormatter */ = {
			isa = PBXGroup;
			children = (
				7F0CF63B16C6EBCA00F7D3A3 /* ISO8601DateFormatter.h */,
				7F0CF63C16C6EBCA00F7D3A3 /* ISO8601DateFormatter.m */,
			);
			name = ISO8601DateFormatter;
			sourceTree = "<group>";
		};
		7F0CF64D16C6EED400F7D3A3 /* YAJL */ = {
			isa = PBXGroup;
			children = (
				7F0CF64416C6EECF00F7D3A3 /* NSObject+YAJL.h */,
				7F0CF64516C6EECF00F7D3A3 /* yajl_common.h */,
				7F0CF64616C6EECF00F7D3A3 /* yajl_gen.h */,
				7F0CF64716C6EECF00F7D3A3 /* yajl_parse.h */,
				7F0CF64816C6EED000F7D3A3 /* YAJL.h */,
				7F0CF64916C6EED000F7D3A3 /* YAJLDocument.h */,
				7F0CF64A16C6EED000F7D3A3 /* YAJLGen.h */,
				7F0CF64B16C6EED000F7D3A3 /* YAJLParser.h */,
			);
			name = YAJL;
			sourceTree = "<group>";
		};
		7F0E083B16C301EF007FD515 /* Model Classes */ = {
			isa = PBXGroup;
			children = (
				7FFBFBDE16D20CE300B449C2 /* NewsStoryScrollView.h */,
				7FFBFBDF16D20CE300B449C2 /* NewsStoryScrollView.m */,
				7F22911F16CEBC5C00D5E884 /* Video.h */,
				7F22912016CEBC5C00D5E884 /* Video.m */,
				7F22912216CEBC7E00D5E884 /* VideoFetcher.h */,
				7F22912316CEBC7E00D5E884 /* VideoFetcher.m */,
				7F0E083C16C3021B007FD515 /* ClassPeriod.h */,
				7F0E083D16C3021B007FD515 /* ClassPeriod.m */,
				7F0E084316C31B5D007FD515 /* Schedule.h */,
				7F0E084516C31B5D007FD515 /* Schedule.m */,
				7F0CF63816C6EAED00F7D3A3 /* Skylert.h */,
				7F0CF63916C6EAED00F7D3A3 /* Skylert.m */,
				7F0CF64016C6EE6E00F7D3A3 /* SkylertFetcher.h */,
				7F0CF64116C6EE6E00F7D3A3 /* SkylertFetcher.m */,
			);
			name = "Model Classes";
			sourceTree = "<group>";
		};
		7F1F3A0516ED50CE009938BF /* Cusotm Cells */ = {
			isa = PBXGroup;
			children = (
				7F1F3A0216ED50CA009938BF /* AnnouncementCell.h */,
				7F1F3A0316ED50CA009938BF /* AnnouncementCell.m */,
				7F1F39FF16ED3BE9009938BF /* AlertCell.h */,
				7F1F3A0016ED3BE9009938BF /* AlertCell.m */,
				7F1F39F916ED2E16009938BF /* VideoTableViewCell.h */,
				7F1F39FA16ED2E16009938BF /* VideoTableViewCell.m */,
			);
			name = "Cusotm Cells";
			path = ..;
			sourceTree = "<group>";
		};
		7F1F3A0616ED50E6009938BF /* View Controllers */ = {
			isa = PBXGroup;
			children = (
				7F0CF65116C761C500F7D3A3 /* TextATipViewController.h */,
				7F0CF65216C761C500F7D3A3 /* TextATipViewController.m */,
				7F1F39FC16ED3B90009938BF /* MasterAlertsViewController.h */,
				7F1F39FD16ED3B90009938BF /* MasterAlertsViewController.m */,
				7FFBFBC116D2008400B449C2 /* NewsViewController.h */,
				7FFBFBC216D2008500B449C2 /* NewsViewController.m */,
				7F22911C16CEB97F00D5E884 /* VideoPlaylistViewController.h */,
				7F22911D16CEB97F00D5E884 /* VideoPlaylistViewController.m */,
				7F22911916CEB96D00D5E884 /* YoutubePlayerViewController.h */,
				7F22911A16CEB96D00D5E884 /* YoutubePlayerViewController.m */,
				7F8E1AD716BC4B6700B7B3CB /* MenuViewController.h */,
				7F8E1AD816BC4B6700B7B3CB /* MenuViewController.m */,
				7F8E1ADA16BC4B8A00B7B3CB /* MainViewController.h */,
				7F8E1ADB16BC4B8A00B7B3CB /* MainViewController.m */,
				7F8E1ADD16BC4BD000B7B3CB /* HandbookViewController.h */,
				7F8E1ADE16BC4BD000B7B3CB /* HandbookViewController.m */,
				7F2F17CF16BF294F00CC1718 /* ContactUsViewController.h */,
				7F2F17D016BF294F00CC1718 /* ContactUsViewController.m */,
				7F2F17D216BF29CB00CC1718 /* ContactTeacherViewController.h */,
				7F2F17D316BF29CB00CC1718 /* ContactTeacherViewController.m */,
				7F2F17D516BF29DF00CC1718 /* BellSchedulesViewController.h */,
				7F2F17D616BF29DF00CC1718 /* BellSchedulesViewController.m */,
				7F2F17D816BF29F200CC1718 /* LunchViewController.h */,
				7F2F17D916BF29F200CC1718 /* LunchViewController.m */,
				7F0CF63516C6E31D00F7D3A3 /* SkylertsViewController.h */,
				7F0CF63616C6E31D00F7D3A3 /* SkylertsViewController.m */,
				7FED03C616FFB9C1001A0350 /* WebViewController.h */,
				7FED03C716FFB9C1001A0350 /* WebViewController.m */,
			);
			name = "View Controllers";
			path = ..;
			sourceTree = "<group>";
		};
		7F1F3A0716ED5105009938BF /* Supporting Data */ = {
			isa = PBXGroup;
			children = (
				7F5A123517109FAA002A6E80 /* NewsStoryHtml.html */,
				7F5B477616EA599A003EED84 /* Base.xcdatamodeld */,
				7FED03C116FF74A0001A0350 /* Announcement.h */,
				7FED03C216FF74A0001A0350 /* Announcement.m */,
				7F7D20B516DBE074001987FE /* bellSchedule.plist */,
			);
			name = "Supporting Data";
			path = ..;
			sourceTree = "<group>";
		};
		7F2F17DB16C0095900CC1718 /* Segment Control */ = {
			isa = PBXGroup;
			children = (
				7F2F17DC16C0097800CC1718 /* segcontrol_sel-uns.png */,
				7F2F17DD16C0097800CC1718 /* segcontrol_sel.png */,
				7F2F17DE16C0097800CC1718 /* segcontrol_uns-sel.png */,
				7F2F17DF16C0097800CC1718 /* segcontrol_uns-uns.png */,
				7F2F17E016C0097800CC1718 /* segcontrol_uns.png */,
				7F2F17E116C0097800CC1718 /* segcontrol_sel-uns@2x.png */,
				7F2F17E216C0097800CC1718 /* segcontrol_sel@2x.png */,
				7F2F17E316C0097800CC1718 /* segcontrol_uns-sel@2x.png */,
				7F2F17E416C0097800CC1718 /* segcontrol_uns-uns@2x.png */,
				7F2F17E516C0097800CC1718 /* segcontrol_uns@2x.png */,
			);
			name = "Segment Control";
			sourceTree = "<group>";
		};
		7F2F17F016C00CB000CC1718 /* Theme */ = {
			isa = PBXGroup;
			children = (
				7F2F17F116C00CC300CC1718 /* whitepattern@2x.png */,
			);
			name = Theme;
			sourceTree = "<group>";
		};
		7F5A12411711E91F002A6E80 /* Small White Icons */ = {
			isa = PBXGroup;
			children = (
				7F5A12541711EDD3002A6E80 /* judgeIcon@2x.png */,
				7F5A12501711EC98002A6E80 /* phoneIcon@2x.png */,
				7F5A12511711EC98002A6E80 /* mailIcon@2x.png */,
				7F5A12421711E961002A6E80 /* bellIcon@2x.png */,
				7F5A12431711E961002A6E80 /* announcementsIcon@2x.png */,
				7F5A12441711E961002A6E80 /* newsIcon@2x.png */,
				7F5A12451711E961002A6E80 /* tvIcon@2x.png */,
				7F5A12461711E961002A6E80 /* textTipIcon@2x.png */,
				7F5A12471711E961002A6E80 /* alertsIcon@2x.png */,
				7F5A12481711E961002A6E80 /* homeIcon@2x.png */,
			);
			name = "Small White Icons";
			sourceTree = "<group>";
		};
		7F5B478416EA5DBC003EED84 /* Managed Object Subclasses */ = {
			isa = PBXGroup;
			children = (
				7F5B478116EA5DB3003EED84 /* NewsStory.h */,
				7F5B478216EA5DB3003EED84 /* NewsStory.m */,
				7F5B477E16EA5DB3003EED84 /* YoutubeVideo.h */,
				7F5B477F16EA5DB3003EED84 /* YoutubeVideo.m */,
			);
			name = "Managed Object Subclasses";
			sourceTree = "<group>";
		};
		7F5B478516EA5DCE003EED84 /* Data Handeling */ = {
			isa = PBXGroup;
			children = (
				7F1F3A0B16EEAEEC009938BF /* FeedParser.h */,
				7F1F3A0C16EEAEEC009938BF /* FeedParser.m */,
				7F1F3A0E16EEAFB4009938BF /* FeedStore.h */,
				7F1F3A0F16EEAFB4009938BF /* FeedStore.m */,
				7F1F3A0816EEAC62009938BF /* CoreDataHelper.h */,
				7F1F3A0916EEAC62009938BF /* CoreDataHelper.m */,
				7F5B477B16EA5A8D003EED84 /* DataFetcher.h */,
				7F5B477C16EA5A8D003EED84 /* DataFetcher.m */,
				7F5B478416EA5DBC003EED84 /* Managed Object Subclasses */,
			);
			name = "Data Handeling";
			path = ..;
			sourceTree = "<group>";
		};
		7F6A222016C0335A002960B4 /* Schedules */ = {
			isa = PBXGroup;
			children = (
			);
			name = Schedules;
			sourceTree = "<group>";
		};
		7F8E1A9E16BC4AD700B7B3CB = {
			isa = PBXGroup;
			children = (
				7F5A1259171246DB002A6E80 /* MySlidingNavigationController.h */,
				7F5A125A171246DB002A6E80 /* MySlidingNavigationController.m */,
				7F8E1AB016BC4AD700B7B3CB /* HSEHS */,
				7F8E1AA916BC4AD700B7B3CB /* Frameworks */,
				7F8E1AA816BC4AD700B7B3CB /* Products */,
			);
			sourceTree = "<group>";
		};
		7F8E1AA816BC4AD700B7B3CB /* Products */ = {
			isa = PBXGroup;
			children = (
				7F8E1AA716BC4AD700B7B3CB /* HSEHS.app */,
			);
			name = Products;
			sourceTree = "<group>";
		};
		7F8E1AA916BC4AD700B7B3CB /* Frameworks */ = {
			isa = PBXGroup;
			children = (
				7FFBFBB616D1584200B449C2 /* AVFoundation.framework */,
				7FCCEB8816E7F5C0003F104D /* libxml2.dylib */,
				7F5B477916EA59A5003EED84 /* CoreData.framework */,
				7FCCEB8A16E7F5C8003F104D /* ImageIO.framework */,
				7F7D20B316DAE180001987FE /* YAJLiOS.framework */,
				7F071A4616C81D47009C2CAD /* SystemConfiguration.framework */,
				7F071A4416C81D41009C2CAD /* StoreKit.framework */,
				7F071A4216C81D3B009C2CAD /* Social.framework */,
				7F071A4016C81D35009C2CAD /* Security.framework */,
				7F071A3E16C81D2B009C2CAD /* QuartzCore.framework */,
				7F071A3C16C81D26009C2CAD /* MobileCoreServices.framework */,
				7F071A3A16C81D20009C2CAD /* libz.1.1.3.dylib */,
				7F071A3816C81D19009C2CAD /* libsqlite3.dylib */,
				7F071A3616C81D10009C2CAD /* CoreLocation.framework */,
				7F071A3416C81D03009C2CAD /* CFNetwork.framework */,
				7F071A3216C81CFE009C2CAD /* AdSupport.framework */,
				7F071A3016C81CF9009C2CAD /* Accounts.framework */,
				7F071A2E16C81CF4009C2CAD /* AudioToolbox.framework */,
				7F071A2C16C81912009C2CAD /* Parse.framework */,
				7F0CF65416C7F9A000F7D3A3 /* MessageUI.framework */,
				7F8E1AAA16BC4AD700B7B3CB /* UIKit.framework */,
				7F8E1AAC16BC4AD700B7B3CB /* Foundation.framework */,
				7F8E1AAE16BC4AD700B7B3CB /* CoreGraphics.framework */,
			);
			name = Frameworks;
			sourceTree = "<group>";
		};
		7F8E1AB016BC4AD700B7B3CB /* HSEHS */ = {
			isa = PBXGroup;
			children = (
				7F1F3A0716ED5105009938BF /* Supporting Data */,
				7F1F3A0616ED50E6009938BF /* View Controllers */,
				7F1F3A0516ED50CE009938BF /* Cusotm Cells */,
				7F5B478516EA5DCE003EED84 /* Data Handeling */,
				7FCCEB6C16E7F569003F104D /* Externals */,
				7FB2985816D8245F004451BD /* MBProgressHUD */,
				7FFBFBC416D2026800B449C2 /* MWFeedParser */,
				7F0CF63E16C6EBCD00F7D3A3 /* Data Fetch Tools -- Storage Room */,
				7F0E083B16C301EF007FD515 /* Model Classes */,
				7F8E1ACD16BC4B0A00B7B3CB /* ECSlidingViewController */,
				7F8E1AB916BC4AD700B7B3CB /* AppDelegate.h */,
				7F8E1ABA16BC4AD700B7B3CB /* AppDelegate.m */,
				7F8E1AC216BC4AD700B7B3CB /* MainStoryboard.storyboard */,
				7F8E1AB116BC4AD700B7B3CB /* Supporting Files */,
			);
			path = HSEHS;
			sourceTree = "<group>";
		};
		7F8E1AB116BC4AD700B7B3CB /* Supporting Files */ = {
			isa = PBXGroup;
			children = (
				7F5A12411711E91F002A6E80 /* Small White Icons */,
				7F5A123F1710A8A9002A6E80 /* simpleLeftArrow@2x.png */,
				7F5A123D1710A7BA002A6E80 /* simpleArrow@2x.png */,
				7F5A123B1710A6A6002A6E80 /* orbBottomBar@2x.png */,
				7FED03C916FFF869001A0350 /* backButton@2x.png */,
				7FED03C416FFA4FB001A0350 /* arrow@2x.png */,
				7FDE918716F4FCF0007C5645 /* BlueNavBarBack@2x.png */,
				7FFBFBE816D2A14700B449C2 /* Papers@2x.png */,
				7FFBFBB816D1617F00B449C2 /* btn-large-3@2x.png */,
				7F22912516D0A18A00D5E884 /* PlayButton@2x.png */,
				7FA53D1116C93C3000F7E0D8 /* White TableView */,
				7FA53D0F16C9390100F7E0D8 /* text-field@2x.png */,
				7FD397F116C836170042B3DA /* Icons */,
				7F6A222916C07005002960B4 /* Reg-Main@2x.png */,
				7F6A222516C06940002960B4 /* LargeRoyalsLogo@2x.png */,
				7F6A222016C0335A002960B4 /* Schedules */,
				7F2F17F016C00CB000CC1718 /* Theme */,
				7F2F17DB16C0095900CC1718 /* Segment Control */,
				7F8E1AEB16BED5EA00B7B3CB /* 2012Handbook.pdf */,
				7F8E1AE216BD6E8900B7B3CB /* TableView */,
				7F8E1AB216BC4AD700B7B3CB /* HSEHS-Info.plist */,
				7F8E1AB316BC4AD700B7B3CB /* InfoPlist.strings */,
				7F8E1AB616BC4AD700B7B3CB /* main.m */,
				7F8E1AB816BC4AD700B7B3CB /* HSEHS-Prefix.pch */,
				7F8E1ABC16BC4AD700B7B3CB /* Default.png */,
				7F8E1ABE16BC4AD700B7B3CB /* Default@2x.png */,
				7F8E1AC016BC4AD700B7B3CB /* Default-568h@2x.png */,
			);
			name = "Supporting Files";
			sourceTree = "<group>";
		};
		7F8E1ACD16BC4B0A00B7B3CB /* ECSlidingViewController */ = {
			isa = PBXGroup;
			children = (
				7FFBFBBA16D1692200B449C2 /* menuButton@2x.png */,
				7F8E1AF316BEDB8000B7B3CB /* menuButtonBlue@2x.png */,
				7F8E1ACE16BC4B1800B7B3CB /* ECSlidingViewController.h */,
				7F8E1ACF16BC4B1800B7B3CB /* ECSlidingViewController.m */,
				7F8E1AD016BC4B1800B7B3CB /* UIImage+ImageWithUIView.h */,
				7F8E1AD116BC4B1800B7B3CB /* UIImage+ImageWithUIView.m */,
				7F8E1AD416BC4B4900B7B3CB /* InitViewController.h */,
				7F8E1AD516BC4B4900B7B3CB /* InitViewController.m */,
			);
			name = ECSlidingViewController;
			sourceTree = "<group>";
		};
		7F8E1AE216BD6E8900B7B3CB /* TableView */ = {
			isa = PBXGroup;
			children = (
				7F8E1AE516BECF8200B7B3CB /* tableViewBackground@2x.png */,
				7F8E1AE316BD6E9500B7B3CB /* TableViewPatternCell@2x.png */,
			);
			name = TableView;
			sourceTree = "<group>";
		};
		7FA53D1116C93C3000F7E0D8 /* White TableView */ = {
			isa = PBXGroup;
			children = (
				7FA53D1216C93C4000F7E0D8 /* topRow@2x.png */,
			);
			name = "White TableView";
			sourceTree = "<group>";
		};
		7FB2985816D8245F004451BD /* MBProgressHUD */ = {
			isa = PBXGroup;
			children = (
				7F7D20A916DAD58C001987FE /* 37x-Checkmark.png */,
				7F7D20AA16DAD58C001987FE /* 37x-Checkmark@2x.png */,
				7FBF32ED16DAB003008191E0 /* MBProgressHUD.h */,
				7FBF32EE16DAB003008191E0 /* MBProgressHUD.m */,
			);
			name = MBProgressHUD;
			path = ../MBProgressHUD;
			sourceTree = "<group>";
		};
		7FCCEB6C16E7F569003F104D /* Externals */ = {
			isa = PBXGroup;
			children = (
				7FFBFBE416D28DCD00B449C2 /* UIDevice+Resolutions.h */,
				7FFBFBE516D28DCE00B449C2 /* UIDevice+Resolutions.m */,
			);
			name = Externals;
			path = ..;
			sourceTree = "<group>";
		};
		7FD397F116C836170042B3DA /* Icons */ = {
			isa = PBXGroup;
			children = (
				7FD397F216C836240042B3DA /* Icon-Small.png */,
				7FD397F316C836240042B3DA /* Icon-Small@2x.png */,
				7FD397F416C836240042B3DA /* Icon.png */,
				7FD397F516C836240042B3DA /* Icon@2x.png */,
				7FD397F616C836240042B3DA /* iTunesArtwork */,
				7FD397F716C836240042B3DA /* iTunesArtwork.png */,
				7FD397F816C836240042B3DA /* iTunesArtwork@2x.png */,
			);
			name = Icons;
			sourceTree = "<group>";
		};
		7FFBFBC416D2026800B449C2 /* MWFeedParser */ = {
			isa = PBXGroup;
			children = (
				7FFBFBC516D202DD00B449C2 /* GTMNSString+HTML.h */,
				7FFBFBC616D202DD00B449C2 /* GTMNSString+HTML.m */,
				7FFBFBC716D202DD00B449C2 /* MWFeedInfo.h */,
				7FFBFBC816D202DD00B449C2 /* MWFeedInfo.m */,
				7FFBFBC916D202DD00B449C2 /* MWFeedItem.h */,
				7FFBFBCA16D202DD00B449C2 /* MWFeedItem.m */,
				7FFBFBCB16D202DD00B449C2 /* MWFeedParser_Private.h */,
				7FFBFBCC16D202DD00B449C2 /* MWFeedParser.h */,
				7FFBFBCD16D202DD00B449C2 /* MWFeedParser.m */,
				7FFBFBD016D202DD00B449C2 /* NSDate+InternetDateTime.h */,
				7FFBFBD116D202DD00B449C2 /* NSDate+InternetDateTime.m */,
				7FFBFBD216D202DD00B449C2 /* NSString+HTML.h */,
				7FFBFBD316D202DD00B449C2 /* NSString+HTML.m */,
				7FFBFBD416D202DD00B449C2 /* NSString+XMLEntities.h */,
				7FFBFBD516D202DD00B449C2 /* NSString+XMLEntities.m */,
			);
			name = MWFeedParser;
			path = ..;
			sourceTree = "<group>";
		};
/* End PBXGroup section */

/* Begin PBXNativeTarget section */
		7F8E1AA616BC4AD700B7B3CB /* HSEHS */ = {
			isa = PBXNativeTarget;
			buildConfigurationList = 7F8E1ACA16BC4AD700B7B3CB /* Build configuration list for PBXNativeTarget "HSEHS" */;
			buildPhases = (
				7F8E1AA316BC4AD700B7B3CB /* Sources */,
				7F8E1AA416BC4AD700B7B3CB /* Frameworks */,
				7F8E1AA516BC4AD700B7B3CB /* Resources */,
			);
			buildRules = (
			);
			dependencies = (
			);
			name = HSEHS;
			productName = HSEHS;
			productReference = 7F8E1AA716BC4AD700B7B3CB /* HSEHS.app */;
			productType = "com.apple.product-type.application";
		};
/* End PBXNativeTarget section */

/* Begin PBXProject section */
		7F8E1A9F16BC4AD700B7B3CB /* Project object */ = {
			isa = PBXProject;
			attributes = {
				LastUpgradeCheck = 0460;
				ORGANIZATIONNAME = "Dennis Tech";
			};
			buildConfigurationList = 7F8E1AA216BC4AD700B7B3CB /* Build configuration list for PBXProject "HSEHS" */;
			compatibilityVersion = "Xcode 3.2";
			developmentRegion = English;
			hasScannedForEncodings = 0;
			knownRegions = (
				en,
			);
			mainGroup = 7F8E1A9E16BC4AD700B7B3CB;
			productRefGroup = 7F8E1AA816BC4AD700B7B3CB /* Products */;
			projectDirPath = "";
			projectRoot = "";
			targets = (
				7F8E1AA616BC4AD700B7B3CB /* HSEHS */,
			);
		};
/* End PBXProject section */

/* Begin PBXResourcesBuildPhase section */
		7F8E1AA516BC4AD700B7B3CB /* Resources */ = {
			isa = PBXResourcesBuildPhase;
			buildActionMask = 2147483647;
			files = (
				7F8E1AB516BC4AD700B7B3CB /* InfoPlist.strings in Resources */,
				7F8E1ABD16BC4AD700B7B3CB /* Default.png in Resources */,
				7F8E1ABF16BC4AD700B7B3CB /* Default@2x.png in Resources */,
				7F8E1AC116BC4AD700B7B3CB /* Default-568h@2x.png in Resources */,
				7F8E1AC416BC4AD700B7B3CB /* MainStoryboard.storyboard in Resources */,
				7F8E1AE416BD6E9500B7B3CB /* TableViewPatternCell@2x.png in Resources */,
				7F8E1AE616BECF8200B7B3CB /* tableViewBackground@2x.png in Resources */,
				7F8E1AEC16BED5EA00B7B3CB /* 2012Handbook.pdf in Resources */,
				7F8E1AF416BEDB8000B7B3CB /* menuButtonBlue@2x.png in Resources */,
				7F2F17E616C0097800CC1718 /* segcontrol_sel-uns.png in Resources */,
				7F2F17E716C0097800CC1718 /* segcontrol_sel.png in Resources */,
				7F2F17E816C0097800CC1718 /* segcontrol_uns-sel.png in Resources */,
				7F2F17E916C0097800CC1718 /* segcontrol_uns-uns.png in Resources */,
				7F2F17EA16C0097800CC1718 /* segcontrol_uns.png in Resources */,
				7F2F17EB16C0097800CC1718 /* segcontrol_sel-uns@2x.png in Resources */,
				7F2F17EC16C0097800CC1718 /* segcontrol_sel@2x.png in Resources */,
				7F2F17ED16C0097800CC1718 /* segcontrol_uns-sel@2x.png in Resources */,
				7F2F17EE16C0097800CC1718 /* segcontrol_uns-uns@2x.png in Resources */,
				7F2F17EF16C0097800CC1718 /* segcontrol_uns@2x.png in Resources */,
				7F2F17F216C00CC300CC1718 /* whitepattern@2x.png in Resources */,
				7F6A222616C06940002960B4 /* LargeRoyalsLogo@2x.png in Resources */,
				7F6A222A16C07005002960B4 /* Reg-Main@2x.png in Resources */,
				7FD397F916C836240042B3DA /* Icon-Small.png in Resources */,
				7FD397FA16C836240042B3DA /* Icon-Small@2x.png in Resources */,
				7FD397FB16C836240042B3DA /* Icon.png in Resources */,
				7FD397FC16C836240042B3DA /* Icon@2x.png in Resources */,
				7FD397FD16C836240042B3DA /* iTunesArtwork in Resources */,
				7FD397FE16C836240042B3DA /* iTunesArtwork.png in Resources */,
				7FD397FF16C836240042B3DA /* iTunesArtwork@2x.png in Resources */,
				7FA53D1016C9390100F7E0D8 /* text-field@2x.png in Resources */,
				7FA53D1316C93C4000F7E0D8 /* topRow@2x.png in Resources */,
				7F22912616D0A18A00D5E884 /* PlayButton@2x.png in Resources */,
				7FFBFBB916D1617F00B449C2 /* btn-large-3@2x.png in Resources */,
				7FFBFBBB16D1692200B449C2 /* menuButton@2x.png in Resources */,
				7FFBFBE916D2A14700B449C2 /* Papers@2x.png in Resources */,
				7F7D20AB16DAD58C001987FE /* 37x-Checkmark.png in Resources */,
				7F7D20AC16DAD58C001987FE /* 37x-Checkmark@2x.png in Resources */,
				7F7D20B616DBE074001987FE /* bellSchedule.plist in Resources */,
				7FDE918816F4FCF0007C5645 /* BlueNavBarBack@2x.png in Resources */,
				7FED03C516FFA4FB001A0350 /* arrow@2x.png in Resources */,
				7FED03CA16FFF86A001A0350 /* backButton@2x.png in Resources */,
				7F5A123617109FAA002A6E80 /* NewsStoryHtml.html in Resources */,
				7F5A123C1710A6A6002A6E80 /* orbBottomBar@2x.png in Resources */,
				7F5A123E1710A7BA002A6E80 /* simpleArrow@2x.png in Resources */,
				7F5A12401710A8A9002A6E80 /* simpleLeftArrow@2x.png in Resources */,
				7F5A12491711E961002A6E80 /* bellIcon@2x.png in Resources */,
				7F5A124A1711E961002A6E80 /* announcementsIcon@2x.png in Resources */,
				7F5A124B1711E961002A6E80 /* newsIcon@2x.png in Resources */,
				7F5A124C1711E961002A6E80 /* tvIcon@2x.png in Resources */,
				7F5A124D1711E961002A6E80 /* textTipIcon@2x.png in Resources */,
				7F5A124E1711E961002A6E80 /* alertsIcon@2x.png in Resources */,
				7F5A124F1711E961002A6E80 /* homeIcon@2x.png in Resources */,
				7F5A12521711EC98002A6E80 /* phoneIcon@2x.png in Resources */,
				7F5A12531711EC98002A6E80 /* mailIcon@2x.png in Resources */,
				7F5A12551711EDD3002A6E80 /* judgeIcon@2x.png in Resources */,
			);
			runOnlyForDeploymentPostprocessing = 0;
		};
/* End PBXResourcesBuildPhase section */

/* Begin PBXSourcesBuildPhase section */
		7F8E1AA316BC4AD700B7B3CB /* Sources */ = {
			isa = PBXSourcesBuildPhase;
			buildActionMask = 2147483647;
			files = (
				7F8E1AB716BC4AD700B7B3CB /* main.m in Sources */,
				7F8E1ABB16BC4AD700B7B3CB /* AppDelegate.m in Sources */,
				7F8E1AD216BC4B1800B7B3CB /* ECSlidingViewController.m in Sources */,
				7F8E1AD316BC4B1800B7B3CB /* UIImage+ImageWithUIView.m in Sources */,
				7F8E1AD616BC4B4900B7B3CB /* InitViewController.m in Sources */,
				7F8E1AD916BC4B6700B7B3CB /* MenuViewController.m in Sources */,
				7F8E1ADC16BC4B8A00B7B3CB /* MainViewController.m in Sources */,
				7F8E1ADF16BC4BD000B7B3CB /* HandbookViewController.m in Sources */,
				7F2F17D116BF294F00CC1718 /* ContactUsViewController.m in Sources */,
				7F2F17D416BF29CB00CC1718 /* ContactTeacherViewController.m in Sources */,
				7F2F17D716BF29DF00CC1718 /* BellSchedulesViewController.m in Sources */,
				7F2F17DA16BF29F200CC1718 /* LunchViewController.m in Sources */,
				7F0E083E16C3021B007FD515 /* ClassPeriod.m in Sources */,
				7F0CF63716C6E31D00F7D3A3 /* SkylertsViewController.m in Sources */,
				7F0CF63A16C6EAED00F7D3A3 /* Skylert.m in Sources */,
				7F0CF63D16C6EBCA00F7D3A3 /* ISO8601DateFormatter.m in Sources */,
				7F0CF64216C6EE6E00F7D3A3 /* SkylertFetcher.m in Sources */,
				7F0CF65016C6EFB600F7D3A3 /* StorageRoom.m in Sources */,
				7F0CF65316C761C600F7D3A3 /* TextATipViewController.m in Sources */,
				7F22911B16CEB96D00D5E884 /* YoutubePlayerViewController.m in Sources */,
				7F22911E16CEB97F00D5E884 /* VideoPlaylistViewController.m in Sources */,
				7F22912116CEBC5C00D5E884 /* Video.m in Sources */,
				7F22912416CEBC7E00D5E884 /* VideoFetcher.m in Sources */,
				7FFBFBC316D2008500B449C2 /* NewsViewController.m in Sources */,
				7FFBFBD616D202DD00B449C2 /* GTMNSString+HTML.m in Sources */,
				7FFBFBD716D202DD00B449C2 /* MWFeedInfo.m in Sources */,
				7FFBFBD816D202DD00B449C2 /* MWFeedItem.m in Sources */,
				7FFBFBD916D202DD00B449C2 /* MWFeedParser.m in Sources */,
				7FFBFBDB16D202DD00B449C2 /* NSDate+InternetDateTime.m in Sources */,
				7FFBFBDC16D202DD00B449C2 /* NSString+HTML.m in Sources */,
				7FFBFBDD16D202DD00B449C2 /* NSString+XMLEntities.m in Sources */,
				7FFBFBE016D20CE400B449C2 /* NewsStoryScrollView.m in Sources */,
				7FFBFBE616D28DCE00B449C2 /* UIDevice+Resolutions.m in Sources */,
				7FBF32EF16DAB003008191E0 /* MBProgressHUD.m in Sources */,
				7F5B477816EA599A003EED84 /* Base.xcdatamodeld in Sources */,
				7F5B477D16EA5A8D003EED84 /* DataFetcher.m in Sources */,
				7F5B478016EA5DB3003EED84 /* YoutubeVideo.m in Sources */,
				7F5B478316EA5DB3003EED84 /* NewsStory.m in Sources */,
				7F1F39FB16ED2E16009938BF /* VideoTableViewCell.m in Sources */,
				7F1F39FE16ED3B90009938BF /* MasterAlertsViewController.m in Sources */,
				7F1F3A0116ED3BE9009938BF /* AlertCell.m in Sources */,
				7F1F3A0416ED50CA009938BF /* AnnouncementCell.m in Sources */,
				7F1F3A0A16EEAC62009938BF /* CoreDataHelper.m in Sources */,
				7F1F3A0D16EEAEEC009938BF /* FeedParser.m in Sources */,
				7F1F3A1016EEAFB4009938BF /* FeedStore.m in Sources */,
				7FED03C316FF74A0001A0350 /* Announcement.m in Sources */,
				7FED03C816FFB9C1001A0350 /* WebViewController.m in Sources */,
				7F5A125B171246DB002A6E80 /* MySlidingNavigationController.m in Sources */,
			);
			runOnlyForDeploymentPostprocessing = 0;
		};
/* End PBXSourcesBuildPhase section */

/* Begin PBXVariantGroup section */
		7F0E084316C31B5D007FD515 /* Schedule.h */ = {
			isa = PBXVariantGroup;
			children = (
				7F0E084416C31B5D007FD515 /* en */,
			);
			name = Schedule.h;
			sourceTree = "<group>";
		};
		7F0E084516C31B5D007FD515 /* Schedule.m */ = {
			isa = PBXVariantGroup;
			children = (
				7F0E084616C31B5D007FD515 /* en */,
			);
			name = Schedule.m;
			sourceTree = "<group>";
		};
		7F8E1AB316BC4AD700B7B3CB /* InfoPlist.strings */ = {
			isa = PBXVariantGroup;
			children = (
				7F8E1AB416BC4AD700B7B3CB /* en */,
			);
			name = InfoPlist.strings;
			sourceTree = "<group>";
		};
		7F8E1AC216BC4AD700B7B3CB /* MainStoryboard.storyboard */ = {
			isa = PBXVariantGroup;
			children = (
				7F8E1AC316BC4AD700B7B3CB /* en */,
			);
			name = MainStoryboard.storyboard;
			sourceTree = "<group>";
		};
/* End PBXVariantGroup section */

/* Begin XCBuildConfiguration section */
		7F8E1AC816BC4AD700B7B3CB /* Debug */ = {
			isa = XCBuildConfiguration;
			buildSettings = {
				ALWAYS_SEARCH_USER_PATHS = NO;
				CLANG_CXX_LANGUAGE_STANDARD = "gnu++0x";
				CLANG_CXX_LIBRARY = "libc++";
				CLANG_ENABLE_OBJC_ARC = YES;
				CLANG_WARN_CONSTANT_CONVERSION = YES;
				CLANG_WARN_EMPTY_BODY = YES;
				CLANG_WARN_ENUM_CONVERSION = YES;
				CLANG_WARN_INT_CONVERSION = YES;
				CLANG_WARN__DUPLICATE_METHOD_MATCH = YES;
				"CODE_SIGN_IDENTITY[sdk=iphoneos*]" = "iPhone Developer";
				COPY_PHASE_STRIP = NO;
				GCC_C_LANGUAGE_STANDARD = gnu99;
				GCC_DYNAMIC_NO_PIC = NO;
				GCC_OPTIMIZATION_LEVEL = 0;
				GCC_PREPROCESSOR_DEFINITIONS = (
					"DEBUG=1",
					"$(inherited)",
				);
				GCC_SYMBOLS_PRIVATE_EXTERN = NO;
				GCC_WARN_ABOUT_RETURN_TYPE = YES;
				GCC_WARN_UNINITIALIZED_AUTOS = YES;
				GCC_WARN_UNUSED_VARIABLE = YES;
				IPHONEOS_DEPLOYMENT_TARGET = 6.1;
				ONLY_ACTIVE_ARCH = YES;
				SDKROOT = iphoneos;
			};
			name = Debug;
		};
		7F8E1AC916BC4AD700B7B3CB /* Release */ = {
			isa = XCBuildConfiguration;
			buildSettings = {
				ALWAYS_SEARCH_USER_PATHS = NO;
				CLANG_CXX_LANGUAGE_STANDARD = "gnu++0x";
				CLANG_CXX_LIBRARY = "libc++";
				CLANG_ENABLE_OBJC_ARC = YES;
				CLANG_WARN_CONSTANT_CONVERSION = YES;
				CLANG_WARN_EMPTY_BODY = YES;
				CLANG_WARN_ENUM_CONVERSION = YES;
				CLANG_WARN_INT_CONVERSION = YES;
				CLANG_WARN__DUPLICATE_METHOD_MATCH = YES;
				"CODE_SIGN_IDENTITY[sdk=iphoneos*]" = "iPhone Developer";
				COPY_PHASE_STRIP = YES;
				GCC_C_LANGUAGE_STANDARD = gnu99;
				GCC_WARN_ABOUT_RETURN_TYPE = YES;
				GCC_WARN_UNINITIALIZED_AUTOS = YES;
				GCC_WARN_UNUSED_VARIABLE = YES;
				IPHONEOS_DEPLOYMENT_TARGET = 6.1;
				OTHER_CFLAGS = "-DNS_BLOCK_ASSERTIONS=1";
				SDKROOT = iphoneos;
				VALIDATE_PRODUCT = YES;
			};
			name = Release;
		};
		7F8E1ACB16BC4AD700B7B3CB /* Debug */ = {
			isa = XCBuildConfiguration;
			buildSettings = {
				CODE_SIGN_IDENTITY = "iPhone Developer: Ben Dennis (SSE4787BU9)";
				"CODE_SIGN_IDENTITY[sdk=iphoneos*]" = "iPhone Developer: Ben Dennis (SSE4787BU9)";
				FRAMEWORK_SEARCH_PATHS = (
					"$(inherited)",
					"\"$(SRCROOT)\"",
				);
				GCC_PRECOMPILE_PREFIX_HEADER = YES;
				GCC_PREFIX_HEADER = "HSEHS/HSEHS-Prefix.pch";
				INFOPLIST_FILE = "HSEHS/HSEHS-Info.plist";
				LIBRARY_SEARCH_PATHS = (
					"$(inherited)",
					"\"$(SRCROOT)/HSEHS\"",
					"\"$(SRCROOT)\"",
				);
				ONLY_ACTIVE_ARCH = YES;
				OTHER_LDFLAGS = (
					"-ObjC",
					"-all_load",
				);
				PRODUCT_NAME = "$(TARGET_NAME)";
				PROVISIONING_PROFILE = "9E8F9518-C041-4249-8DCC-91C0B78F2ADB";
				"PROVISIONING_PROFILE[sdk=iphoneos*]" = "9E8F9518-C041-4249-8DCC-91C0B78F2ADB";
				USER_HEADER_SEARCH_PATHS = "Externals/DTCoreText/Core/**";
				VALID_ARCHS = "armv7 armv7s";
				WRAPPER_EXTENSION = app;
			};
			name = Debug;
		};
		7F8E1ACC16BC4AD700B7B3CB /* Release */ = {
			isa = XCBuildConfiguration;
			buildSettings = {
				CODE_SIGN_IDENTITY = "iPhone Distribution";
				"CODE_SIGN_IDENTITY[sdk=iphoneos*]" = "iPhone Distribution";
				FRAMEWORK_SEARCH_PATHS = (
					"$(inherited)",
					"\"$(SRCROOT)\"",
				);
				GCC_PRECOMPILE_PREFIX_HEADER = YES;
				GCC_PREFIX_HEADER = "HSEHS/HSEHS-Prefix.pch";
				INFOPLIST_FILE = "HSEHS/HSEHS-Info.plist";
				LIBRARY_SEARCH_PATHS = (
					"$(inherited)",
					"\"$(SRCROOT)/HSEHS\"",
					"\"$(SRCROOT)\"",
				);
				ONLY_ACTIVE_ARCH = YES;
				OTHER_LDFLAGS = (
					"-ObjC",
					"-all_load",
				);
				PRODUCT_NAME = "$(TARGET_NAME)";
				PROVISIONING_PROFILE = "";
				"PROVISIONING_PROFILE[sdk=iphoneos*]" = "";
				USER_HEADER_SEARCH_PATHS = "Externals/DTCoreText/Core/**";
				VALID_ARCHS = "armv7 armv7s";
				WRAPPER_EXTENSION = app;
			};
			name = Release;
		};
/* End XCBuildConfiguration section */

/* Begin XCConfigurationList section */
		7F8E1AA216BC4AD700B7B3CB /* Build configuration list for PBXProject "HSEHS" */ = {
			isa = XCConfigurationList;
			buildConfigurations = (
				7F8E1AC816BC4AD700B7B3CB /* Debug */,
				7F8E1AC916BC4AD700B7B3CB /* Release */,
			);
			defaultConfigurationIsVisible = 0;
			defaultConfigurationName = Release;
		};
		7F8E1ACA16BC4AD700B7B3CB /* Build configuration list for PBXNativeTarget "HSEHS" */ = {
			isa = XCConfigurationList;
			buildConfigurations = (
				7F8E1ACB16BC4AD700B7B3CB /* Debug */,
				7F8E1ACC16BC4AD700B7B3CB /* Release */,
			);
			defaultConfigurationIsVisible = 0;
			defaultConfigurationName = Release;
		};
/* End XCConfigurationList section */

/* Begin XCVersionGroup section */
		7F5B477616EA599A003EED84 /* Base.xcdatamodeld */ = {
			isa = XCVersionGroup;
			children = (
				7F5B477716EA599A003EED84 /* Base.xcdatamodel */,
			);
			currentVersion = 7F5B477716EA599A003EED84 /* Base.xcdatamodel */;
			path = Base.xcdatamodeld;
			sourceTree = "<group>";
			versionGroupType = wrapper.xcdatamodel;
		};
/* End XCVersionGroup section */
	};
	rootObject = 7F8E1A9F16BC4AD700B7B3CB /* Project object */;
}
